// !$*UTF8*$!
{
	archiveVersion = 1;
	classes = {
	};
	objectVersion = 46;
	objects = {

/* Begin PBXBuildFile section */
		6B1EE4031D2FCEA6000C3CFD /* Launch Screen.storyboard in Resources */ = {isa = PBXBuildFile; fileRef = 6B1EE4021D2FCEA6000C3CFD /* Launch Screen.storyboard */; };
		6B6E77631F7970570031D476 /* AppDelegate.swift in Sources */ = {isa = PBXBuildFile; fileRef = 6B6E77621F7970570031D476 /* AppDelegate.swift */; };
		6B6E77651F7970570031D476 /* ViewController.swift in Sources */ = {isa = PBXBuildFile; fileRef = 6B6E77641F7970570031D476 /* ViewController.swift */; };
		6B6E776A1F7970570031D476 /* Assets.xcassets in Resources */ = {isa = PBXBuildFile; fileRef = 6B6E77691F7970570031D476 /* Assets.xcassets */; };
		6B6E776D1F7970570031D476 /* LaunchScreen.storyboard in Resources */ = {isa = PBXBuildFile; fileRef = 6B6E776B1F7970570031D476 /* LaunchScreen.storyboard */; };
		6B8A14DB1D55FD1A006DAB93 /* JGDetailViewController.m in Sources */ = {isa = PBXBuildFile; fileRef = 6B8A14DA1D55FD1A006DAB93 /* JGDetailViewController.m */; };
		6B8CB8C0206F8982006840B3 /* ViewController.swift in Sources */ = {isa = PBXBuildFile; fileRef = 6B6E77641F7970570031D476 /* ViewController.swift */; };
		6B9A4F041F7D8F8100234337 /* JGProgressHUD.framework in Frameworks */ = {isa = PBXBuildFile; fileRef = 6BABF9E91F7A67E4005E783F /* JGProgressHUD.framework */; };
		6B9A4F051F7D8F8100234337 /* JGProgressHUD.framework in Embed Frameworks */ = {isa = PBXBuildFile; fileRef = 6BABF9E91F7A67E4005E783F /* JGProgressHUD.framework */; settings = {ATTRIBUTES = (CodeSignOnCopy, RemoveHeadersOnCopy, ); }; };
		6B9A4F2E1F8D284100234337 /* JGProgressHUD.framework in Frameworks */ = {isa = PBXBuildFile; fileRef = 6BABF9E91F7A67E4005E783F /* JGProgressHUD.framework */; };
		6B9A4F2F1F8D284100234337 /* JGProgressHUD.framework in Embed Frameworks */ = {isa = PBXBuildFile; fileRef = 6BABF9E91F7A67E4005E783F /* JGProgressHUD.framework */; settings = {ATTRIBUTES = (CodeSignOnCopy, RemoveHeadersOnCopy, ); }; };
		6BABF9DC1F7A67E4005E783F /* AppDelegate.swift in Sources */ = {isa = PBXBuildFile; fileRef = 6BABF9DB1F7A67E4005E783F /* AppDelegate.swift */; };
		6BABF9E11F7A67E4005E783F /* Main.storyboard in Resources */ = {isa = PBXBuildFile; fileRef = 6BABF9DF1F7A67E4005E783F /* Main.storyboard */; };
		6BABF9E31F7A67E4005E783F /* Assets.xcassets in Resources */ = {isa = PBXBuildFile; fileRef = 6BABF9E21F7A67E4005E783F /* Assets.xcassets */; };
		6BABF9ED1F7A6820005E783F /* JGProgressHUD.framework in Frameworks */ = {isa = PBXBuildFile; fileRef = 6BABF9EB1F7A67E4005E783F /* JGProgressHUD.framework */; };
		6BABF9EE1F7A6820005E783F /* JGProgressHUD.framework in Embed Frameworks */ = {isa = PBXBuildFile; fileRef = 6BABF9EB1F7A67E4005E783F /* JGProgressHUD.framework */; settings = {ATTRIBUTES = (CodeSignOnCopy, RemoveHeadersOnCopy, ); }; };
		6BC018C8197BF28100DA4C49 /* Foundation.framework in Frameworks */ = {isa = PBXBuildFile; fileRef = 6BC018C7197BF28100DA4C49 /* Foundation.framework */; };
		6BC018CC197BF28100DA4C49 /* UIKit.framework in Frameworks */ = {isa = PBXBuildFile; fileRef = 6BC018CB197BF28100DA4C49 /* UIKit.framework */; };
		6BC018D2197BF28100DA4C49 /* InfoPlist.strings in Resources */ = {isa = PBXBuildFile; fileRef = 6BC018D0197BF28100DA4C49 /* InfoPlist.strings */; };
		6BC018D4197BF28100DA4C49 /* main.m in Sources */ = {isa = PBXBuildFile; fileRef = 6BC018D3197BF28100DA4C49 /* main.m */; };
		6BC018D8197BF28100DA4C49 /* JGAppDelegate.m in Sources */ = {isa = PBXBuildFile; fileRef = 6BC018D7197BF28100DA4C49 /* JGAppDelegate.m */; };
		6BC018E1197BF28100DA4C49 /* JGMainViewController.m in Sources */ = {isa = PBXBuildFile; fileRef = 6BC018E0197BF28100DA4C49 /* JGMainViewController.m */; };
		6BC018E3197BF28100DA4C49 /* Images.xcassets in Resources */ = {isa = PBXBuildFile; fileRef = 6BC018E2197BF28100DA4C49 /* Images.xcassets */; };
/* End PBXBuildFile section */

/* Begin PBXContainerItemProxy section */
		6B87F3121F79715000F606F1 /* PBXContainerItemProxy */ = {
			isa = PBXContainerItemProxy;
			containerPortal = 6B87F3001F7970F000F606F1 /* JGProgressHUD.xcodeproj */;
			proxyType = 1;
			remoteGlobalIDString = 6BF7DC591AEFCFD9000A0AE0;
			remoteInfo = "JGProgressHUD-Framework";
		};
		6B87F3171F7971BB00F606F1 /* PBXContainerItemProxy */ = {
			isa = PBXContainerItemProxy;
			containerPortal = 6B87F3001F7970F000F606F1 /* JGProgressHUD.xcodeproj */;
			proxyType = 1;
			remoteGlobalIDString = 6BF7DC591AEFCFD9000A0AE0;
			remoteInfo = "JGProgressHUD-Framework";
		};
		6B87F3291F7973A900F606F1 /* PBXContainerItemProxy */ = {
			isa = PBXContainerItemProxy;
			containerPortal = 6B87F3001F7970F000F606F1 /* JGProgressHUD.xcodeproj */;
			proxyType = 1;
			remoteGlobalIDString = 6BF7DC591AEFCFD9000A0AE0;
			remoteInfo = JGProgressHUD;
		};
		6B87F32D1F7973AE00F606F1 /* PBXContainerItemProxy */ = {
			isa = PBXContainerItemProxy;
			containerPortal = 6B87F3001F7970F000F606F1 /* JGProgressHUD.xcodeproj */;
			proxyType = 1;
			remoteGlobalIDString = 6BF7DC591AEFCFD9000A0AE0;
			remoteInfo = JGProgressHUD;
		};
		6B9A4F061F7D8F8100234337 /* PBXContainerItemProxy */ = {
			isa = PBXContainerItemProxy;
			containerPortal = 6B87F3001F7970F000F606F1 /* JGProgressHUD.xcodeproj */;
			proxyType = 1;
			remoteGlobalIDString = 6BF7DC591AEFCFD9000A0AE0;
			remoteInfo = "JGProgressHUD-iOS";
		};
		6B9A4F301F8D284100234337 /* PBXContainerItemProxy */ = {
			isa = PBXContainerItemProxy;
			containerPortal = 6B87F3001F7970F000F606F1 /* JGProgressHUD.xcodeproj */;
			proxyType = 1;
			remoteGlobalIDString = 6BF7DC591AEFCFD9000A0AE0;
			remoteInfo = "JGProgressHUD-iOS";
		};
		6BABF9E81F7A67E4005E783F /* PBXContainerItemProxy */ = {
			isa = PBXContainerItemProxy;
			containerPortal = 6B87F3001F7970F000F606F1 /* JGProgressHUD.xcodeproj */;
			proxyType = 2;
			remoteGlobalIDString = 6BF7DC5A1AEFCFD9000A0AE0;
			remoteInfo = "JGProgressHUD-iOS";
		};
		6BABF9EA1F7A67E4005E783F /* PBXContainerItemProxy */ = {
			isa = PBXContainerItemProxy;
			containerPortal = 6B87F3001F7970F000F606F1 /* JGProgressHUD.xcodeproj */;
			proxyType = 2;
			remoteGlobalIDString = 6BABF9A31F7A6133005E783F;
			remoteInfo = "JGProgressHUD-tvOS";
		};
		6BABF9EF1F7A6820005E783F /* PBXContainerItemProxy */ = {
			isa = PBXContainerItemProxy;
			containerPortal = 6B87F3001F7970F000F606F1 /* JGProgressHUD.xcodeproj */;
			proxyType = 1;
			remoteGlobalIDString = 6BABF9A21F7A6133005E783F;
			remoteInfo = "JGProgressHUD-tvOS";
		};
/* End PBXContainerItemProxy section */

/* Begin PBXCopyFilesBuildPhase section */
		6B87F3141F79715000F606F1 /* Embed Frameworks */ = {
			isa = PBXCopyFilesBuildPhase;
			buildActionMask = 2147483647;
			dstPath = "";
			dstSubfolderSpec = 10;
			files = (
				6B9A4F2F1F8D284100234337 /* JGProgressHUD.framework in Embed Frameworks */,
			);
			name = "Embed Frameworks";
			runOnlyForDeploymentPostprocessing = 0;
		};
		6B87F3191F7971BB00F606F1 /* Embed Frameworks */ = {
			isa = PBXCopyFilesBuildPhase;
			buildActionMask = 2147483647;
			dstPath = "";
			dstSubfolderSpec = 10;
			files = (
				6B9A4F051F7D8F8100234337 /* JGProgressHUD.framework in Embed Frameworks */,
			);
			name = "Embed Frameworks";
			runOnlyForDeploymentPostprocessing = 0;
		};
		6BABF9F11F7A6820005E783F /* Embed Frameworks */ = {
			isa = PBXCopyFilesBuildPhase;
			buildActionMask = 2147483647;
			dstPath = "";
			dstSubfolderSpec = 10;
			files = (
				6BABF9EE1F7A6820005E783F /* JGProgressHUD.framework in Embed Frameworks */,
			);
			name = "Embed Frameworks";
			runOnlyForDeploymentPostprocessing = 0;
		};
/* End PBXCopyFilesBuildPhase section */

/* Begin PBXFileReference section */
		6B1EE4021D2FCEA6000C3CFD /* Launch Screen.storyboard */ = {isa = PBXFileReference; fileEncoding = 4; lastKnownFileType = file.storyboard; path = "Launch Screen.storyboard"; sourceTree = "<group>"; };
		6B414E6A234BE29B00EBC95E /* JGProgressHUD-Tests.entitlements */ = {isa = PBXFileReference; lastKnownFileType = text.plist.entitlements; path = "JGProgressHUD-Tests.entitlements"; sourceTree = "<group>"; };
		6B6E77601F7970570031D476 /* JGProgressHUD-Tests-Swift.app */ = {isa = PBXFileReference; explicitFileType = wrapper.application; includeInIndex = 0; path = "JGProgressHUD-Tests-Swift.app"; sourceTree = BUILT_PRODUCTS_DIR; };
		6B6E77621F7970570031D476 /* AppDelegate.swift */ = {isa = PBXFileReference; lastKnownFileType = sourcecode.swift; path = AppDelegate.swift; sourceTree = "<group>"; };
		6B6E77641F7970570031D476 /* ViewController.swift */ = {isa = PBXFileReference; lastKnownFileType = sourcecode.swift; path = ViewController.swift; sourceTree = "<group>"; };
		6B6E77691F7970570031D476 /* Assets.xcassets */ = {isa = PBXFileReference; lastKnownFileType = folder.assetcatalog; path = Assets.xcassets; sourceTree = "<group>"; };
		6B6E776C1F7970570031D476 /* Base */ = {isa = PBXFileReference; lastKnownFileType = file.storyboard; name = Base; path = Base.lproj/LaunchScreen.storyboard; sourceTree = "<group>"; };
		6B6E776E1F7970570031D476 /* Info.plist */ = {isa = PBXFileReference; lastKnownFileType = text.plist.xml; path = Info.plist; sourceTree = "<group>"; };
		6B87F3001F7970F000F606F1 /* JGProgressHUD.xcodeproj */ = {isa = PBXFileReference; lastKnownFileType = "wrapper.pb-project"; name = JGProgressHUD.xcodeproj; path = ../JGProgressHUD.xcodeproj; sourceTree = "<group>"; };
		6B8A14D91D55FD1A006DAB93 /* JGDetailViewController.h */ = {isa = PBXFileReference; fileEncoding = 4; lastKnownFileType = sourcecode.c.h; path = JGDetailViewController.h; sourceTree = "<group>"; };
		6B8A14DA1D55FD1A006DAB93 /* JGDetailViewController.m */ = {isa = PBXFileReference; fileEncoding = 4; lastKnownFileType = sourcecode.c.objc; path = JGDetailViewController.m; sourceTree = "<group>"; };
		6BABF9D91F7A67E3005E783F /* JGProgressHUD-Tests-tvOS.app */ = {isa = PBXFileReference; explicitFileType = wrapper.application; includeInIndex = 0; path = "JGProgressHUD-Tests-tvOS.app"; sourceTree = BUILT_PRODUCTS_DIR; };
		6BABF9DB1F7A67E4005E783F /* AppDelegate.swift */ = {isa = PBXFileReference; lastKnownFileType = sourcecode.swift; path = AppDelegate.swift; sourceTree = "<group>"; };
		6BABF9E01F7A67E4005E783F /* Base */ = {isa = PBXFileReference; lastKnownFileType = file.storyboard; name = Base; path = Base.lproj/Main.storyboard; sourceTree = "<group>"; };
		6BABF9E21F7A67E4005E783F /* Assets.xcassets */ = {isa = PBXFileReference; lastKnownFileType = folder.assetcatalog; path = Assets.xcassets; sourceTree = "<group>"; };
		6BABF9E41F7A67E4005E783F /* Info.plist */ = {isa = PBXFileReference; lastKnownFileType = text.plist.xml; path = Info.plist; sourceTree = "<group>"; };
		6BC018C4197BF28100DA4C49 /* JGProgressHUD-Tests.app */ = {isa = PBXFileReference; explicitFileType = wrapper.application; includeInIndex = 0; path = "JGProgressHUD-Tests.app"; sourceTree = BUILT_PRODUCTS_DIR; };
		6BC018C7197BF28100DA4C49 /* Foundation.framework */ = {isa = PBXFileReference; lastKnownFileType = wrapper.framework; name = Foundation.framework; path = System/Library/Frameworks/Foundation.framework; sourceTree = SDKROOT; };
		6BC018C9197BF28100DA4C49 /* CoreGraphics.framework */ = {isa = PBXFileReference; lastKnownFileType = wrapper.framework; name = CoreGraphics.framework; path = System/Library/Frameworks/CoreGraphics.framework; sourceTree = SDKROOT; };
		6BC018CB197BF28100DA4C49 /* UIKit.framework */ = {isa = PBXFileReference; lastKnownFileType = wrapper.framework; name = UIKit.framework; path = System/Library/Frameworks/UIKit.framework; sourceTree = SDKROOT; };
		6BC018D1197BF28100DA4C49 /* en */ = {isa = PBXFileReference; lastKnownFileType = text.plist.strings; name = en; path = en.lproj/InfoPlist.strings; sourceTree = "<group>"; };
		6BC018D3197BF28100DA4C49 /* main.m */ = {isa = PBXFileReference; lastKnownFileType = sourcecode.c.objc; path = main.m; sourceTree = "<group>"; };
		6BC018D5197BF28100DA4C49 /* JGProgressHUD-Tests-Prefix.pch */ = {isa = PBXFileReference; lastKnownFileType = sourcecode.c.h; path = "JGProgressHUD-Tests-Prefix.pch"; sourceTree = "<group>"; };
		6BC018D6197BF28100DA4C49 /* JGAppDelegate.h */ = {isa = PBXFileReference; lastKnownFileType = sourcecode.c.h; path = JGAppDelegate.h; sourceTree = "<group>"; };
		6BC018D7197BF28100DA4C49 /* JGAppDelegate.m */ = {isa = PBXFileReference; lastKnownFileType = sourcecode.c.objc; path = JGAppDelegate.m; sourceTree = "<group>"; };
		6BC018DF197BF28100DA4C49 /* JGMainViewController.h */ = {isa = PBXFileReference; lastKnownFileType = sourcecode.c.h; path = JGMainViewController.h; sourceTree = "<group>"; };
		6BC018E0197BF28100DA4C49 /* JGMainViewController.m */ = {isa = PBXFileReference; lastKnownFileType = sourcecode.c.objc; path = JGMainViewController.m; sourceTree = "<group>"; };
		6BC018E2197BF28100DA4C49 /* Images.xcassets */ = {isa = PBXFileReference; lastKnownFileType = folder.assetcatalog; path = Images.xcassets; sourceTree = "<group>"; };
		6BC018E9197BF28100DA4C49 /* XCTest.framework */ = {isa = PBXFileReference; lastKnownFileType = wrapper.framework; name = XCTest.framework; path = Library/Frameworks/XCTest.framework; sourceTree = DEVELOPER_DIR; };
		6BC01909197C1D0F00DA4C49 /* JGProgressHUD-Tests-Info.plist */ = {isa = PBXFileReference; fileEncoding = 4; lastKnownFileType = text.plist.xml; path = "JGProgressHUD-Tests-Info.plist"; sourceTree = "<group>"; };
		6BCC80A12351225C00988AA4 /* JGProgressHUD-Tests-Swift.entitlements */ = {isa = PBXFileReference; lastKnownFileType = text.plist.entitlements; path = "JGProgressHUD-Tests-Swift.entitlements"; sourceTree = "<group>"; };
/* End PBXFileReference section */

/* Begin PBXFrameworksBuildPhase section */
		6B6E775D1F7970570031D476 /* Frameworks */ = {
			isa = PBXFrameworksBuildPhase;
			buildActionMask = 2147483647;
			files = (
				6B9A4F041F7D8F8100234337 /* JGProgressHUD.framework in Frameworks */,
			);
			runOnlyForDeploymentPostprocessing = 0;
		};
		6BABF9D61F7A67E3005E783F /* Frameworks */ = {
			isa = PBXFrameworksBuildPhase;
			buildActionMask = 2147483647;
			files = (
				6BABF9ED1F7A6820005E783F /* JGProgressHUD.framework in Frameworks */,
			);
			runOnlyForDeploymentPostprocessing = 0;
		};
		6BC018C1197BF28100DA4C49 /* Frameworks */ = {
			isa = PBXFrameworksBuildPhase;
			buildActionMask = 2147483647;
			files = (
				6BC018CC197BF28100DA4C49 /* UIKit.framework in Frameworks */,
				6BC018C8197BF28100DA4C49 /* Foundation.framework in Frameworks */,
				6B9A4F2E1F8D284100234337 /* JGProgressHUD.framework in Frameworks */,
			);
			runOnlyForDeploymentPostprocessing = 0;
		};
/* End PBXFrameworksBuildPhase section */

/* Begin PBXGroup section */
		6B6E77611F7970570031D476 /* JGProgressHUD-Tests-Swift */ = {
			isa = PBXGroup;
			children = (
				6BCC80A12351225C00988AA4 /* JGProgressHUD-Tests-Swift.entitlements */,
				6B6E77621F7970570031D476 /* AppDelegate.swift */,
				6B6E77641F7970570031D476 /* ViewController.swift */,
				6B6E77691F7970570031D476 /* Assets.xcassets */,
				6B6E776B1F7970570031D476 /* LaunchScreen.storyboard */,
				6B6E776E1F7970570031D476 /* Info.plist */,
			);
			path = "JGProgressHUD-Tests-Swift";
			sourceTree = "<group>";
		};
		6B87F3011F7970F000F606F1 /* Products */ = {
			isa = PBXGroup;
			children = (
				6BABF9E91F7A67E4005E783F /* JGProgressHUD.framework */,
				6BABF9EB1F7A67E4005E783F /* JGProgressHUD.framework */,
			);
			name = Products;
			sourceTree = "<group>";
		};
		6BABF9DA1F7A67E4005E783F /* JGProgressHUD-Tests-tvOS */ = {
			isa = PBXGroup;
			children = (
				6BABF9DB1F7A67E4005E783F /* AppDelegate.swift */,
				6BABF9DF1F7A67E4005E783F /* Main.storyboard */,
				6BABF9E21F7A67E4005E783F /* Assets.xcassets */,
				6BABF9E41F7A67E4005E783F /* Info.plist */,
			);
			path = "JGProgressHUD-Tests-tvOS";
			sourceTree = "<group>";
		};
		6BC018BB197BF28100DA4C49 = {
			isa = PBXGroup;
			children = (
				6B87F3001F7970F000F606F1 /* JGProgressHUD.xcodeproj */,
				6BC018CD197BF28100DA4C49 /* JGProgressHUD-Tests */,
				6B6E77611F7970570031D476 /* JGProgressHUD-Tests-Swift */,
				6BABF9DA1F7A67E4005E783F /* JGProgressHUD-Tests-tvOS */,
				6BC018C6197BF28100DA4C49 /* Frameworks */,
				6BC018C5197BF28100DA4C49 /* Products */,
			);
			sourceTree = "<group>";
		};
		6BC018C5197BF28100DA4C49 /* Products */ = {
			isa = PBXGroup;
			children = (
				6BC018C4197BF28100DA4C49 /* JGProgressHUD-Tests.app */,
				6B6E77601F7970570031D476 /* JGProgressHUD-Tests-Swift.app */,
				6BABF9D91F7A67E3005E783F /* JGProgressHUD-Tests-tvOS.app */,
			);
			name = Products;
			sourceTree = "<group>";
		};
		6BC018C6197BF28100DA4C49 /* Frameworks */ = {
			isa = PBXGroup;
			children = (
				6BC018C7197BF28100DA4C49 /* Foundation.framework */,
				6BC018C9197BF28100DA4C49 /* CoreGraphics.framework */,
				6BC018CB197BF28100DA4C49 /* UIKit.framework */,
				6BC018E9197BF28100DA4C49 /* XCTest.framework */,
			);
			name = Frameworks;
			sourceTree = "<group>";
		};
		6BC018CD197BF28100DA4C49 /* JGProgressHUD-Tests */ = {
			isa = PBXGroup;
			children = (
				6B414E6A234BE29B00EBC95E /* JGProgressHUD-Tests.entitlements */,
				6BC018D6197BF28100DA4C49 /* JGAppDelegate.h */,
				6BC018D7197BF28100DA4C49 /* JGAppDelegate.m */,
				6BC018DF197BF28100DA4C49 /* JGMainViewController.h */,
				6BC018E0197BF28100DA4C49 /* JGMainViewController.m */,
				6B8A14D91D55FD1A006DAB93 /* JGDetailViewController.h */,
				6B8A14DA1D55FD1A006DAB93 /* JGDetailViewController.m */,
				6BC018E2197BF28100DA4C49 /* Images.xcassets */,
				6B1EE4021D2FCEA6000C3CFD /* Launch Screen.storyboard */,
				6BC018CE197BF28100DA4C49 /* Supporting Files */,
			);
			path = "JGProgressHUD-Tests";
			sourceTree = "<group>";
		};
		6BC018CE197BF28100DA4C49 /* Supporting Files */ = {
			isa = PBXGroup;
			children = (
				6BC01909197C1D0F00DA4C49 /* JGProgressHUD-Tests-Info.plist */,
				6BC018D0197BF28100DA4C49 /* InfoPlist.strings */,
				6BC018D3197BF28100DA4C49 /* main.m */,
				6BC018D5197BF28100DA4C49 /* JGProgressHUD-Tests-Prefix.pch */,
			);
			name = "Supporting Files";
			sourceTree = "<group>";
		};
/* End PBXGroup section */

/* Begin PBXNativeTarget section */
		6B6E775F1F7970570031D476 /* JGProgressHUD-Tests-Swift */ = {
			isa = PBXNativeTarget;
			buildConfigurationList = 6B6E77711F7970570031D476 /* Build configuration list for PBXNativeTarget "JGProgressHUD-Tests-Swift" */;
			buildPhases = (
				6B6E775C1F7970570031D476 /* Sources */,
				6B6E775D1F7970570031D476 /* Frameworks */,
				6B6E775E1F7970570031D476 /* Resources */,
				6B87F3191F7971BB00F606F1 /* Embed Frameworks */,
			);
			buildRules = (
			);
			dependencies = (
				6B87F3181F7971BB00F606F1 /* PBXTargetDependency */,
				6B87F32A1F7973A900F606F1 /* PBXTargetDependency */,
				6B9A4F071F7D8F8100234337 /* PBXTargetDependency */,
			);
			name = "JGProgressHUD-Tests-Swift";
			productName = "JGProgressHUD-Tests-Swift";
			productReference = 6B6E77601F7970570031D476 /* JGProgressHUD-Tests-Swift.app */;
			productType = "com.apple.product-type.application";
		};
		6BABF9D81F7A67E3005E783F /* JGProgressHUD-Tests-tvOS */ = {
			isa = PBXNativeTarget;
			buildConfigurationList = 6BABF9EC1F7A67E4005E783F /* Build configuration list for PBXNativeTarget "JGProgressHUD-Tests-tvOS" */;
			buildPhases = (
				6BABF9D51F7A67E3005E783F /* Sources */,
				6BABF9D61F7A67E3005E783F /* Frameworks */,
				6BABF9D71F7A67E3005E783F /* Resources */,
				6BABF9F11F7A6820005E783F /* Embed Frameworks */,
			);
			buildRules = (
			);
			dependencies = (
				6BABF9F01F7A6820005E783F /* PBXTargetDependency */,
			);
			name = "JGProgressHUD-Tests-tvOS";
			productName = "JGProgressHUD-Tests-tvOS";
			productReference = 6BABF9D91F7A67E3005E783F /* JGProgressHUD-Tests-tvOS.app */;
			productType = "com.apple.product-type.application";
		};
		6BC018C3197BF28100DA4C49 /* JGProgressHUD-Tests */ = {
			isa = PBXNativeTarget;
			buildConfigurationList = 6BC018F9197BF28100DA4C49 /* Build configuration list for PBXNativeTarget "JGProgressHUD-Tests" */;
			buildPhases = (
				6BC018C0197BF28100DA4C49 /* Sources */,
				6BC018C1197BF28100DA4C49 /* Frameworks */,
				6BC018C2197BF28100DA4C49 /* Resources */,
				6B87F3141F79715000F606F1 /* Embed Frameworks */,
			);
			buildRules = (
			);
			dependencies = (
				6B87F3131F79715000F606F1 /* PBXTargetDependency */,
				6B87F32E1F7973AE00F606F1 /* PBXTargetDependency */,
				6B9A4F311F8D284100234337 /* PBXTargetDependency */,
			);
			name = "JGProgressHUD-Tests";
			productName = "JGProgressHUD Tests";
			productReference = 6BC018C4197BF28100DA4C49 /* JGProgressHUD-Tests.app */;
			productType = "com.apple.product-type.application";
		};
/* End PBXNativeTarget section */

/* Begin PBXProject section */
		6BC018BC197BF28100DA4C49 /* Project object */ = {
			isa = PBXProject;
			attributes = {
				CLASSPREFIX = JG;
				LastSwiftUpdateCheck = 0900;
				LastUpgradeCheck = 1030;
				ORGANIZATIONNAME = "Jonas Gessner";
				TargetAttributes = {
					6B6E775F1F7970570031D476 = {
						CreatedOnToolsVersion = 9.0;
						LastSwiftMigration = 1030;
						ProvisioningStyle = Automatic;
					};
					6BABF9D81F7A67E3005E783F = {
						CreatedOnToolsVersion = 9.0;
						LastSwiftMigration = 1030;
						ProvisioningStyle = Automatic;
					};
				};
			};
			buildConfigurationList = 6BC018BF197BF28100DA4C49 /* Build configuration list for PBXProject "JGProgressHUD-Tests" */;
			compatibilityVersion = "Xcode 3.2";
			developmentRegion = en;
			hasScannedForEncodings = 0;
			knownRegions = (
				en,
				Base,
			);
			mainGroup = 6BC018BB197BF28100DA4C49;
			productRefGroup = 6BC018C5197BF28100DA4C49 /* Products */;
			projectDirPath = "";
			projectReferences = (
				{
					ProductGroup = 6B87F3011F7970F000F606F1 /* Products */;
					ProjectRef = 6B87F3001F7970F000F606F1 /* JGProgressHUD.xcodeproj */;
				},
			);
			projectRoot = "";
			targets = (
				6BC018C3197BF28100DA4C49 /* JGProgressHUD-Tests */,
				6B6E775F1F7970570031D476 /* JGProgressHUD-Tests-Swift */,
				6BABF9D81F7A67E3005E783F /* JGProgressHUD-Tests-tvOS */,
			);
		};
/* End PBXProject section */

/* Begin PBXReferenceProxy section */
		6BABF9E91F7A67E4005E783F /* JGProgressHUD.framework */ = {
			isa = PBXReferenceProxy;
			fileType = wrapper.framework;
			path = JGProgressHUD.framework;
			remoteRef = 6BABF9E81F7A67E4005E783F /* PBXContainerItemProxy */;
			sourceTree = BUILT_PRODUCTS_DIR;
		};
		6BABF9EB1F7A67E4005E783F /* JGProgressHUD.framework */ = {
			isa = PBXReferenceProxy;
			fileType = wrapper.framework;
			path = JGProgressHUD.framework;
			remoteRef = 6BABF9EA1F7A67E4005E783F /* PBXContainerItemProxy */;
			sourceTree = BUILT_PRODUCTS_DIR;
		};
/* End PBXReferenceProxy section */

/* Begin PBXResourcesBuildPhase section */
		6B6E775E1F7970570031D476 /* Resources */ = {
			isa = PBXResourcesBuildPhase;
			buildActionMask = 2147483647;
			files = (
				6B6E776D1F7970570031D476 /* LaunchScreen.storyboard in Resources */,
				6B6E776A1F7970570031D476 /* Assets.xcassets in Resources */,
			);
			runOnlyForDeploymentPostprocessing = 0;
		};
		6BABF9D71F7A67E3005E783F /* Resources */ = {
			isa = PBXResourcesBuildPhase;
			buildActionMask = 2147483647;
			files = (
				6BABF9E31F7A67E4005E783F /* Assets.xcassets in Resources */,
				6BABF9E11F7A67E4005E783F /* Main.storyboard in Resources */,
			);
			runOnlyForDeploymentPostprocessing = 0;
		};
		6BC018C2197BF28100DA4C49 /* Resources */ = {
			isa = PBXResourcesBuildPhase;
			buildActionMask = 2147483647;
			files = (
				6BC018E3197BF28100DA4C49 /* Images.xcassets in Resources */,
				6BC018D2197BF28100DA4C49 /* InfoPlist.strings in Resources */,
				6B1EE4031D2FCEA6000C3CFD /* Launch Screen.storyboard in Resources */,
			);
			runOnlyForDeploymentPostprocessing = 0;
		};
/* End PBXResourcesBuildPhase section */

/* Begin PBXSourcesBuildPhase section */
		6B6E775C1F7970570031D476 /* Sources */ = {
			isa = PBXSourcesBuildPhase;
			buildActionMask = 2147483647;
			files = (
				6B6E77651F7970570031D476 /* ViewController.swift in Sources */,
				6B6E77631F7970570031D476 /* AppDelegate.swift in Sources */,
			);
			runOnlyForDeploymentPostprocessing = 0;
		};
		6BABF9D51F7A67E3005E783F /* Sources */ = {
			isa = PBXSourcesBuildPhase;
			buildActionMask = 2147483647;
			files = (
				6B8CB8C0206F8982006840B3 /* ViewController.swift in Sources */,
				6BABF9DC1F7A67E4005E783F /* AppDelegate.swift in Sources */,
			);
			runOnlyForDeploymentPostprocessing = 0;
		};
		6BC018C0197BF28100DA4C49 /* Sources */ = {
			isa = PBXSourcesBuildPhase;
			buildActionMask = 2147483647;
			files = (
				6BC018D4197BF28100DA4C49 /* main.m in Sources */,
				6BC018E1197BF28100DA4C49 /* JGMainViewController.m in Sources */,
				6BC018D8197BF28100DA4C49 /* JGAppDelegate.m in Sources */,
				6B8A14DB1D55FD1A006DAB93 /* JGDetailViewController.m in Sources */,
			);
			runOnlyForDeploymentPostprocessing = 0;
		};
/* End PBXSourcesBuildPhase section */

/* Begin PBXTargetDependency section */
		6B87F3131F79715000F606F1 /* PBXTargetDependency */ = {
			isa = PBXTargetDependency;
			name = "JGProgressHUD-Framework";
			targetProxy = 6B87F3121F79715000F606F1 /* PBXContainerItemProxy */;
		};
		6B87F3181F7971BB00F606F1 /* PBXTargetDependency */ = {
			isa = PBXTargetDependency;
			name = "JGProgressHUD-Framework";
			targetProxy = 6B87F3171F7971BB00F606F1 /* PBXContainerItemProxy */;
		};
		6B87F32A1F7973A900F606F1 /* PBXTargetDependency */ = {
			isa = PBXTargetDependency;
			name = JGProgressHUD;
			targetProxy = 6B87F3291F7973A900F606F1 /* PBXContainerItemProxy */;
		};
		6B87F32E1F7973AE00F606F1 /* PBXTargetDependency */ = {
			isa = PBXTargetDependency;
			name = JGProgressHUD;
			targetProxy = 6B87F32D1F7973AE00F606F1 /* PBXContainerItemProxy */;
		};
		6B9A4F071F7D8F8100234337 /* PBXTargetDependency */ = {
			isa = PBXTargetDependency;
			name = "JGProgressHUD-iOS";
			targetProxy = 6B9A4F061F7D8F8100234337 /* PBXContainerItemProxy */;
		};
		6B9A4F311F8D284100234337 /* PBXTargetDependency */ = {
			isa = PBXTargetDependency;
			name = "JGProgressHUD-iOS";
			targetProxy = 6B9A4F301F8D284100234337 /* PBXContainerItemProxy */;
		};
		6BABF9F01F7A6820005E783F /* PBXTargetDependency */ = {
			isa = PBXTargetDependency;
			name = "JGProgressHUD-tvOS";
			targetProxy = 6BABF9EF1F7A6820005E783F /* PBXContainerItemProxy */;
		};
/* End PBXTargetDependency section */

/* Begin PBXVariantGroup section */
		6B6E776B1F7970570031D476 /* LaunchScreen.storyboard */ = {
			isa = PBXVariantGroup;
			children = (
				6B6E776C1F7970570031D476 /* Base */,
			);
			name = LaunchScreen.storyboard;
			sourceTree = "<group>";
		};
		6BABF9DF1F7A67E4005E783F /* Main.storyboard */ = {
			isa = PBXVariantGroup;
			children = (
				6BABF9E01F7A67E4005E783F /* Base */,
			);
			name = Main.storyboard;
			sourceTree = "<group>";
		};
		6BC018D0197BF28100DA4C49 /* InfoPlist.strings */ = {
			isa = PBXVariantGroup;
			children = (
				6BC018D1197BF28100DA4C49 /* en */,
			);
			name = InfoPlist.strings;
			sourceTree = "<group>";
		};
/* End PBXVariantGroup section */

/* Begin XCBuildConfiguration section */
		6B6E776F1F7970570031D476 /* Debug */ = {
			isa = XCBuildConfiguration;
			buildSettings = {
				ASSETCATALOG_COMPILER_APPICON_NAME = AppIcon;
				CLANG_ANALYZER_NONNULL = YES;
				CLANG_ANALYZER_NUMBER_OBJECT_CONVERSION = YES_AGGRESSIVE;
				CLANG_CXX_LANGUAGE_STANDARD = "gnu++14";
				CLANG_WARN_DOCUMENTATION_COMMENTS = YES;
				CLANG_WARN_UNGUARDED_AVAILABILITY = YES_AGGRESSIVE;
				CODE_SIGN_ENTITLEMENTS = "JGProgressHUD-Tests-Swift/JGProgressHUD-Tests-Swift.entitlements";
				CODE_SIGN_IDENTITY = "iPhone Developer";
				CODE_SIGN_STYLE = Automatic;
				DEBUG_INFORMATION_FORMAT = dwarf;
				DERIVE_MACCATALYST_PRODUCT_BUNDLE_IDENTIFIER = YES;
				DEVELOPMENT_TEAM = "";
				GCC_C_LANGUAGE_STANDARD = gnu11;
				INFOPLIST_FILE = "JGProgressHUD-Tests-Swift/Info.plist";
				IPHONEOS_DEPLOYMENT_TARGET = 8.0;
				LD_RUNPATH_SEARCH_PATHS = "$(inherited) @executable_path/Frameworks";
				MTL_ENABLE_DEBUG_INFO = YES;
				PRODUCT_BUNDLE_IDENTIFIER = "de.j-gessner.JGProgressHUD-Tests-Swift";
				PRODUCT_NAME = "$(TARGET_NAME)";
				SUPPORTS_MACCATALYST = YES;
				SWIFT_ACTIVE_COMPILATION_CONDITIONS = DEBUG;
				SWIFT_OPTIMIZATION_LEVEL = "-Onone";
				SWIFT_VERSION = 5.0;
				TARGETED_DEVICE_FAMILY = "1,2";
			};
			name = Debug;
		};
		6B6E77701F7970570031D476 /* Release */ = {
			isa = XCBuildConfiguration;
			buildSettings = {
				ASSETCATALOG_COMPILER_APPICON_NAME = AppIcon;
				CLANG_ANALYZER_NONNULL = YES;
				CLANG_ANALYZER_NUMBER_OBJECT_CONVERSION = YES_AGGRESSIVE;
				CLANG_CXX_LANGUAGE_STANDARD = "gnu++14";
				CLANG_WARN_DOCUMENTATION_COMMENTS = YES;
				CLANG_WARN_UNGUARDED_AVAILABILITY = YES_AGGRESSIVE;
				CODE_SIGN_ENTITLEMENTS = "JGProgressHUD-Tests-Swift/JGProgressHUD-Tests-Swift.entitlements";
				CODE_SIGN_IDENTITY = "iPhone Developer";
				CODE_SIGN_STYLE = Automatic;
				COPY_PHASE_STRIP = NO;
				DEBUG_INFORMATION_FORMAT = "dwarf-with-dsym";
				DERIVE_MACCATALYST_PRODUCT_BUNDLE_IDENTIFIER = YES;
				DEVELOPMENT_TEAM = "";
				GCC_C_LANGUAGE_STANDARD = gnu11;
				INFOPLIST_FILE = "JGProgressHUD-Tests-Swift/Info.plist";
				IPHONEOS_DEPLOYMENT_TARGET = 8.0;
				LD_RUNPATH_SEARCH_PATHS = "$(inherited) @executable_path/Frameworks";
				MTL_ENABLE_DEBUG_INFO = NO;
				PRODUCT_BUNDLE_IDENTIFIER = "de.j-gessner.JGProgressHUD-Tests-Swift";
				PRODUCT_NAME = "$(TARGET_NAME)";
				SUPPORTS_MACCATALYST = YES;
				SWIFT_OPTIMIZATION_LEVEL = "-Owholemodule";
				SWIFT_VERSION = 5.0;
				TARGETED_DEVICE_FAMILY = "1,2";
			};
			name = Release;
		};
		6BABF9E51F7A67E4005E783F /* Debug */ = {
			isa = XCBuildConfiguration;
			buildSettings = {
				ASSETCATALOG_COMPILER_APPICON_NAME = AppIcon;
				ASSETCATALOG_COMPILER_LAUNCHIMAGE_NAME = LaunchImage;
				CLANG_ANALYZER_NONNULL = YES;
				CLANG_ANALYZER_NUMBER_OBJECT_CONVERSION = YES_AGGRESSIVE;
				CLANG_CXX_LANGUAGE_STANDARD = "gnu++14";
				CLANG_WARN_DOCUMENTATION_COMMENTS = YES;
				CLANG_WARN_UNGUARDED_AVAILABILITY = YES_AGGRESSIVE;
				CODE_SIGN_STYLE = Automatic;
				DEBUG_INFORMATION_FORMAT = dwarf;
				DEVELOPMENT_TEAM = "";
				GCC_C_LANGUAGE_STANDARD = gnu11;
				INFOPLIST_FILE = "JGProgressHUD-Tests-tvOS/Info.plist";
				LD_RUNPATH_SEARCH_PATHS = "$(inherited) @executable_path/Frameworks";
				MTL_ENABLE_DEBUG_INFO = YES;
				PRODUCT_BUNDLE_IDENTIFIER = "de.j-gessner.JGProgressHUD-Tests-tvOS";
				PRODUCT_NAME = "$(TARGET_NAME)";
				SDKROOT = appletvos;
				SWIFT_ACTIVE_COMPILATION_CONDITIONS = DEBUG;
				SWIFT_OPTIMIZATION_LEVEL = "-Onone";
				SWIFT_VERSION = 5.0;
				TARGETED_DEVICE_FAMILY = 3;
				TVOS_DEPLOYMENT_TARGET = 9.0;
			};
			name = Debug;
		};
		6BABF9E61F7A67E4005E783F /* Release */ = {
			isa = XCBuildConfiguration;
			buildSettings = {
				ASSETCATALOG_COMPILER_APPICON_NAME = AppIcon;
				ASSETCATALOG_COMPILER_LAUNCHIMAGE_NAME = LaunchImage;
				CLANG_ANALYZER_NONNULL = YES;
				CLANG_ANALYZER_NUMBER_OBJECT_CONVERSION = YES_AGGRESSIVE;
				CLANG_CXX_LANGUAGE_STANDARD = "gnu++14";
				CLANG_WARN_DOCUMENTATION_COMMENTS = YES;
				CLANG_WARN_UNGUARDED_AVAILABILITY = YES_AGGRESSIVE;
				CODE_SIGN_STYLE = Automatic;
				COPY_PHASE_STRIP = NO;
				DEBUG_INFORMATION_FORMAT = "dwarf-with-dsym";
				DEVELOPMENT_TEAM = "";
				GCC_C_LANGUAGE_STANDARD = gnu11;
				INFOPLIST_FILE = "JGProgressHUD-Tests-tvOS/Info.plist";
				LD_RUNPATH_SEARCH_PATHS = "$(inherited) @executable_path/Frameworks";
				MTL_ENABLE_DEBUG_INFO = NO;
				PRODUCT_BUNDLE_IDENTIFIER = "de.j-gessner.JGProgressHUD-Tests-tvOS";
				PRODUCT_NAME = "$(TARGET_NAME)";
				SDKROOT = appletvos;
				SWIFT_OPTIMIZATION_LEVEL = "-Owholemodule";
				SWIFT_VERSION = 5.0;
				TARGETED_DEVICE_FAMILY = 3;
				TVOS_DEPLOYMENT_TARGET = 9.0;
			};
			name = Release;
		};
		6BC018F7197BF28100DA4C49 /* Debug */ = {
			isa = XCBuildConfiguration;
			buildSettings = {
				ALWAYS_SEARCH_USER_PATHS = NO;
				CLANG_ANALYZER_LOCALIZABILITY_NONLOCALIZED = YES;
				CLANG_CXX_LANGUAGE_STANDARD = "gnu++0x";
				CLANG_CXX_LIBRARY = "libc++";
				CLANG_ENABLE_MODULES = YES;
				CLANG_ENABLE_OBJC_ARC = YES;
				CLANG_WARN_BLOCK_CAPTURE_AUTORELEASING = YES;
				CLANG_WARN_BOOL_CONVERSION = YES;
				CLANG_WARN_COMMA = YES;
				CLANG_WARN_CONSTANT_CONVERSION = YES;
				CLANG_WARN_DEPRECATED_OBJC_IMPLEMENTATIONS = YES;
				CLANG_WARN_DIRECT_OBJC_ISA_USAGE = YES_ERROR;
				CLANG_WARN_EMPTY_BODY = YES;
				CLANG_WARN_ENUM_CONVERSION = YES;
				CLANG_WARN_INFINITE_RECURSION = YES;
				CLANG_WARN_INT_CONVERSION = YES;
				CLANG_WARN_NON_LITERAL_NULL_CONVERSION = YES;
				CLANG_WARN_OBJC_IMPLICIT_RETAIN_SELF = YES;
				CLANG_WARN_OBJC_LITERAL_CONVERSION = YES;
				CLANG_WARN_OBJC_ROOT_CLASS = YES_ERROR;
				CLANG_WARN_RANGE_LOOP_ANALYSIS = YES;
				CLANG_WARN_STRICT_PROTOTYPES = YES;
				CLANG_WARN_SUSPICIOUS_MOVE = YES;
				CLANG_WARN_UNREACHABLE_CODE = YES;
				CLANG_WARN__DUPLICATE_METHOD_MATCH = YES;
				"CODE_SIGN_IDENTITY[sdk=iphoneos*]" = "iPhone Developer";
				COPY_PHASE_STRIP = NO;
				ENABLE_STRICT_OBJC_MSGSEND = YES;
				ENABLE_TESTABILITY = YES;
				GCC_C_LANGUAGE_STANDARD = gnu99;
				GCC_DYNAMIC_NO_PIC = NO;
				GCC_NO_COMMON_BLOCKS = YES;
				GCC_OPTIMIZATION_LEVEL = 0;
				GCC_PREPROCESSOR_DEFINITIONS = (
					"DEBUG=1",
					"$(inherited)",
				);
				GCC_SYMBOLS_PRIVATE_EXTERN = NO;
				GCC_WARN_64_TO_32_BIT_CONVERSION = YES;
				GCC_WARN_ABOUT_RETURN_TYPE = YES_ERROR;
				GCC_WARN_UNDECLARED_SELECTOR = YES;
				GCC_WARN_UNINITIALIZED_AUTOS = YES_AGGRESSIVE;
				GCC_WARN_UNUSED_FUNCTION = YES;
				GCC_WARN_UNUSED_VARIABLE = YES;
				IPHONEOS_DEPLOYMENT_TARGET = 8.0;
				ONLY_ACTIVE_ARCH = YES;
				SDKROOT = iphoneos;
				TARGETED_DEVICE_FAMILY = "1,2";
			};
			name = Debug;
		};
		6BC018F8197BF28100DA4C49 /* Release */ = {
			isa = XCBuildConfiguration;
			buildSettings = {
				ALWAYS_SEARCH_USER_PATHS = NO;
				CLANG_ANALYZER_LOCALIZABILITY_NONLOCALIZED = YES;
				CLANG_CXX_LANGUAGE_STANDARD = "gnu++0x";
				CLANG_CXX_LIBRARY = "libc++";
				CLANG_ENABLE_MODULES = YES;
				CLANG_ENABLE_OBJC_ARC = YES;
				CLANG_WARN_BLOCK_CAPTURE_AUTORELEASING = YES;
				CLANG_WARN_BOOL_CONVERSION = YES;
				CLANG_WARN_COMMA = YES;
				CLANG_WARN_CONSTANT_CONVERSION = YES;
				CLANG_WARN_DEPRECATED_OBJC_IMPLEMENTATIONS = YES;
				CLANG_WARN_DIRECT_OBJC_ISA_USAGE = YES_ERROR;
				CLANG_WARN_EMPTY_BODY = YES;
				CLANG_WARN_ENUM_CONVERSION = YES;
				CLANG_WARN_INFINITE_RECURSION = YES;
				CLANG_WARN_INT_CONVERSION = YES;
				CLANG_WARN_NON_LITERAL_NULL_CONVERSION = YES;
				CLANG_WARN_OBJC_IMPLICIT_RETAIN_SELF = YES;
				CLANG_WARN_OBJC_LITERAL_CONVERSION = YES;
				CLANG_WARN_OBJC_ROOT_CLASS = YES_ERROR;
				CLANG_WARN_RANGE_LOOP_ANALYSIS = YES;
				CLANG_WARN_STRICT_PROTOTYPES = YES;
				CLANG_WARN_SUSPICIOUS_MOVE = YES;
				CLANG_WARN_UNREACHABLE_CODE = YES;
				CLANG_WARN__DUPLICATE_METHOD_MATCH = YES;
				"CODE_SIGN_IDENTITY[sdk=iphoneos*]" = "iPhone Developer";
				COPY_PHASE_STRIP = YES;
				ENABLE_NS_ASSERTIONS = NO;
				ENABLE_STRICT_OBJC_MSGSEND = YES;
				GCC_C_LANGUAGE_STANDARD = gnu99;
				GCC_NO_COMMON_BLOCKS = YES;
				GCC_WARN_64_TO_32_BIT_CONVERSION = YES;
				GCC_WARN_ABOUT_RETURN_TYPE = YES_ERROR;
				GCC_WARN_UNDECLARED_SELECTOR = YES;
				GCC_WARN_UNINITIALIZED_AUTOS = YES_AGGRESSIVE;
				GCC_WARN_UNUSED_FUNCTION = YES;
				GCC_WARN_UNUSED_VARIABLE = YES;
				IPHONEOS_DEPLOYMENT_TARGET = 8.0;
				SDKROOT = iphoneos;
				SWIFT_OPTIMIZATION_LEVEL = "-Owholemodule";
				TARGETED_DEVICE_FAMILY = "1,2";
				VALIDATE_PRODUCT = YES;
			};
			name = Release;
		};
		6BC018FA197BF28100DA4C49 /* Debug */ = {
			isa = XCBuildConfiguration;
			buildSettings = {
				ALWAYS_SEARCH_USER_PATHS = NO;
				ASSETCATALOG_COMPILER_APPICON_NAME = AppIcon;
				CODE_SIGN_ENTITLEMENTS = "JGProgressHUD-Tests/JGProgressHUD-Tests.entitlements";
				DERIVE_MACCATALYST_PRODUCT_BUNDLE_IDENTIFIER = YES;
				DEVELOPMENT_TEAM = "";
				GCC_PRECOMPILE_PREFIX_HEADER = YES;
				GCC_PREFIX_HEADER = "JGProgressHUD-Tests/JGProgressHUD-Tests-Prefix.pch";
				INFOPLIST_FILE = "$(SRCROOT)/JGProgressHUD-Tests/JGProgressHUD-Tests-Info.plist";
				IPHONEOS_DEPLOYMENT_TARGET = 8.0;
				LD_RUNPATH_SEARCH_PATHS = "$(inherited) @executable_path/Frameworks";
				OTHER_LDFLAGS = "";
				PRODUCT_BUNDLE_IDENTIFIER = "de.j-gessner.$(PRODUCT_NAME:rfc1034identifier)";
				PRODUCT_NAME = "$(TARGET_NAME)";
				SUPPORTS_MACCATALYST = YES;
				USER_HEADER_SEARCH_PATHS = "";
				WRAPPER_EXTENSION = app;
			};
			name = Debug;
		};
		6BC018FB197BF28100DA4C49 /* Release */ = {
			isa = XCBuildConfiguration;
			buildSettings = {
				ALWAYS_SEARCH_USER_PATHS = NO;
				ASSETCATALOG_COMPILER_APPICON_NAME = AppIcon;
				CODE_SIGN_ENTITLEMENTS = "JGProgressHUD-Tests/JGProgressHUD-Tests.entitlements";
				DERIVE_MACCATALYST_PRODUCT_BUNDLE_IDENTIFIER = YES;
				DEVELOPMENT_TEAM = "";
				GCC_PRECOMPILE_PREFIX_HEADER = YES;
				GCC_PREFIX_HEADER = "JGProgressHUD-Tests/JGProgressHUD-Tests-Prefix.pch";
				INFOPLIST_FILE = "$(SRCROOT)/JGProgressHUD-Tests/JGProgressHUD-Tests-Info.plist";
				IPHONEOS_DEPLOYMENT_TARGET = 8.0;
				LD_RUNPATH_SEARCH_PATHS = "$(inherited) @executable_path/Frameworks";
				OTHER_LDFLAGS = "";
				PRODUCT_BUNDLE_IDENTIFIER = "de.j-gessner.$(PRODUCT_NAME:rfc1034identifier)";
				PRODUCT_NAME = "$(TARGET_NAME)";
				SUPPORTS_MACCATALYST = YES;
				USER_HEADER_SEARCH_PATHS = "";
				WRAPPER_EXTENSION = app;
			};
			name = Release;
		};
/* End XCBuildConfiguration section */

/* Begin XCConfigurationList section */
		6B6E77711F7970570031D476 /* Build configuration list for PBXNativeTarget "JGProgressHUD-Tests-Swift" */ = {
			isa = XCConfigurationList;
			buildConfigurations = (
				6B6E776F1F7970570031D476 /* Debug */,
				6B6E77701F7970570031D476 /* Release */,
			);
			defaultConfigurationIsVisible = 0;
			defaultConfigurationName = Release;
		};
		6BABF9EC1F7A67E4005E783F /* Build configuration list for PBXNativeTarget "JGProgressHUD-Tests-tvOS" */ = {
			isa = XCConfigurationList;
			buildConfigurations = (
				6BABF9E51F7A67E4005E783F /* Debug */,
				6BABF9E61F7A67E4005E783F /* Release */,
			);
			defaultConfigurationIsVisible = 0;
			defaultConfigurationName = Release;
		};
		6BC018BF197BF28100DA4C49 /* Build configuration list for PBXProject "JGProgressHUD-Tests" */ = {
			isa = XCConfigurationList;
			buildConfigurations = (
				6BC018F7197BF28100DA4C49 /* Debug */,
				6BC018F8197BF28100DA4C49 /* Release */,
			);
			defaultConfigurationIsVisible = 0;
			defaultConfigurationName = Release;
		};
		6BC018F9197BF28100DA4C49 /* Build configuration list for PBXNativeTarget "JGProgressHUD-Tests" */ = {
			isa = XCConfigurationList;
			buildConfigurations = (
				6BC018FA197BF28100DA4C49 /* Debug */,
				6BC018FB197BF28100DA4C49 /* Release */,
			);
			defaultConfigurationIsVisible = 0;
			defaultConfigurationName = Release;
		};
/* End XCConfigurationList section */
	};
	rootObject = 6BC018BC197BF28100DA4C49 /* Project object */;
}
