// !$*UTF8*$!
{
	archiveVersion = 1;
	classes = {
	};
	objectVersion = 46;
	objects = {

/* Begin PBXBuildFile section */
		6B29118E19CA0D4500E93DF9 /* jg_hud_error@3x.png in Resources */ = {isa = PBXBuildFile; fileRef = 6B29118C19CA0D4500E93DF9 /* jg_hud_error@3x.png */; };
		6B29118F19CA0D4500E93DF9 /* jg_hud_success@3x.png in Resources */ = {isa = PBXBuildFile; fileRef = 6B29118D19CA0D4500E93DF9 /* jg_hud_success@3x.png */; };
		6B60B25419A3B78B00ED1A4E /* JGProgressHUDSuccessIndicatorView.m in Sources */ = {isa = PBXBuildFile; fileRef = 6B60B25319A3B78B00ED1A4E /* JGProgressHUDSuccessIndicatorView.m */; };
		6B60B25719A3BC3C00ED1A4E /* JGProgressHUDErrorIndicatorView.m in Sources */ = {isa = PBXBuildFile; fileRef = 6B60B25619A3BC3C00ED1A4E /* JGProgressHUDErrorIndicatorView.m */; };
		6B60B27519A3C34D00ED1A4E /* jg_hud_error.png in Resources */ = {isa = PBXBuildFile; fileRef = 6B60B27119A3C34D00ED1A4E /* jg_hud_error.png */; };
		6B60B27619A3C34D00ED1A4E /* jg_hud_error@2x.png in Resources */ = {isa = PBXBuildFile; fileRef = 6B60B27219A3C34D00ED1A4E /* jg_hud_error@2x.png */; };
		6B60B27719A3C34D00ED1A4E /* jg_hud_success.png in Resources */ = {isa = PBXBuildFile; fileRef = 6B60B27319A3C34D00ED1A4E /* jg_hud_success.png */; };
		6B60B27819A3C34D00ED1A4E /* jg_hud_success@2x.png in Resources */ = {isa = PBXBuildFile; fileRef = 6B60B27419A3C34D00ED1A4E /* jg_hud_success@2x.png */; };
		6B8435B61B04F44D004408CE /* JGProgressHUD Resources.bundle in Resources */ = {isa = PBXBuildFile; fileRef = 6B60B24019A3B3C500ED1A4E /* JGProgressHUD Resources.bundle */; };
		6BC01877197B2AA500DA4C49 /* Foundation.framework in Frameworks */ = {isa = PBXBuildFile; fileRef = 6BC01876197B2AA500DA4C49 /* Foundation.framework */; };
		6BC018AC197B2ABF00DA4C49 /* JGProgressHUD.m in Sources */ = {isa = PBXBuildFile; fileRef = 6BC0189D197B2ABF00DA4C49 /* JGProgressHUD.m */; };
		6BC018AD197B2ABF00DA4C49 /* JGProgressHUDAnimation.m in Sources */ = {isa = PBXBuildFile; fileRef = 6BC0189F197B2ABF00DA4C49 /* JGProgressHUDAnimation.m */; };
		6BC018AE197B2ABF00DA4C49 /* JGProgressHUDFadeAnimation.m in Sources */ = {isa = PBXBuildFile; fileRef = 6BC018A1197B2ABF00DA4C49 /* JGProgressHUDFadeAnimation.m */; };
		6BC018AF197B2ABF00DA4C49 /* JGProgressHUDFadeZoomAnimation.m in Sources */ = {isa = PBXBuildFile; fileRef = 6BC018A3197B2ABF00DA4C49 /* JGProgressHUDFadeZoomAnimation.m */; };
		6BC018B0197B2ABF00DA4C49 /* JGProgressHUDIndeterminateIndicatorView.m in Sources */ = {isa = PBXBuildFile; fileRef = 6BC018A5197B2ABF00DA4C49 /* JGProgressHUDIndeterminateIndicatorView.m */; };
		6BC018B1197B2ABF00DA4C49 /* JGProgressHUDIndicatorView.m in Sources */ = {isa = PBXBuildFile; fileRef = 6BC018A7197B2ABF00DA4C49 /* JGProgressHUDIndicatorView.m */; };
		6BC018B2197B2ABF00DA4C49 /* JGProgressHUDPieIndicatorView.m in Sources */ = {isa = PBXBuildFile; fileRef = 6BC018A9197B2ABF00DA4C49 /* JGProgressHUDPieIndicatorView.m */; };
		6BC018B3197B2ABF00DA4C49 /* JGProgressHUDRingIndicatorView.m in Sources */ = {isa = PBXBuildFile; fileRef = 6BC018AB197B2ABF00DA4C49 /* JGProgressHUDRingIndicatorView.m */; };
		6BC018B7197B2BC700DA4C49 /* UIKit.framework in Frameworks */ = {isa = PBXBuildFile; fileRef = 6BC018B6197B2BC700DA4C49 /* UIKit.framework */; };
		6BC018B9197B2BCB00DA4C49 /* QuartzCore.framework in Frameworks */ = {isa = PBXBuildFile; fileRef = 6BC018B8197B2BCB00DA4C49 /* QuartzCore.framework */; };
		6BEEFF591B721ED0006B4CD7 /* JGProgressHUDImageIndicatorView.h in Headers */ = {isa = PBXBuildFile; fileRef = 6BEEFF571B721ED0006B4CD7 /* JGProgressHUDImageIndicatorView.h */; settings = {ATTRIBUTES = (Public, ); }; };
		6BEEFF5A1B721ED0006B4CD7 /* JGProgressHUDImageIndicatorView.m in Sources */ = {isa = PBXBuildFile; fileRef = 6BEEFF581B721ED0006B4CD7 /* JGProgressHUDImageIndicatorView.m */; };
		6BEEFF5B1B721ED0006B4CD7 /* JGProgressHUDImageIndicatorView.m in Sources */ = {isa = PBXBuildFile; fileRef = 6BEEFF581B721ED0006B4CD7 /* JGProgressHUDImageIndicatorView.m */; };
		6BEEFF5F1B7220AD006B4CD7 /* JGProgressHUDImageIndicatorView.h in Copy Headers */ = {isa = PBXBuildFile; fileRef = 6BEEFF571B721ED0006B4CD7 /* JGProgressHUDImageIndicatorView.h */; };
		6BF7DC4B1AEE6D39000A0AE0 /* JGProgressHUD.h in Copy Headers */ = {isa = PBXBuildFile; fileRef = 6BC0189C197B2ABF00DA4C49 /* JGProgressHUD.h */; };
		6BF7DC4C1AEE6D39000A0AE0 /* JGProgressHUDAnimation.h in Copy Headers */ = {isa = PBXBuildFile; fileRef = 6BC0189E197B2ABF00DA4C49 /* JGProgressHUDAnimation.h */; };
		6BF7DC4D1AEE6D39000A0AE0 /* JGProgressHUDFadeAnimation.h in Copy Headers */ = {isa = PBXBuildFile; fileRef = 6BC018A0197B2ABF00DA4C49 /* JGProgressHUDFadeAnimation.h */; };
		6BF7DC4E1AEE6D39000A0AE0 /* JGProgressHUDFadeZoomAnimation.h in Copy Headers */ = {isa = PBXBuildFile; fileRef = 6BC018A2197B2ABF00DA4C49 /* JGProgressHUDFadeZoomAnimation.h */; };
		6BF7DC4F1AEE6D39000A0AE0 /* JGProgressHUDIndicatorView.h in Copy Headers */ = {isa = PBXBuildFile; fileRef = 6BC018A6197B2ABF00DA4C49 /* JGProgressHUDIndicatorView.h */; };
		6BF7DC501AEE6D39000A0AE0 /* JGProgressHUDIndeterminateIndicatorView.h in Copy Headers */ = {isa = PBXBuildFile; fileRef = 6BC018A4197B2ABF00DA4C49 /* JGProgressHUDIndeterminateIndicatorView.h */; };
		6BF7DC511AEE6D39000A0AE0 /* JGProgressHUDPieIndicatorView.h in Copy Headers */ = {isa = PBXBuildFile; fileRef = 6BC018A8197B2ABF00DA4C49 /* JGProgressHUDPieIndicatorView.h */; };
		6BF7DC521AEE6D39000A0AE0 /* JGProgressHUDRingIndicatorView.h in Copy Headers */ = {isa = PBXBuildFile; fileRef = 6BC018AA197B2ABF00DA4C49 /* JGProgressHUDRingIndicatorView.h */; };
		6BF7DC531AEE6D39000A0AE0 /* JGProgressHUDSuccessIndicatorView.h in Copy Headers */ = {isa = PBXBuildFile; fileRef = 6B60B25219A3B78B00ED1A4E /* JGProgressHUDSuccessIndicatorView.h */; };
		6BF7DC541AEE6D39000A0AE0 /* JGProgressHUDErrorIndicatorView.h in Copy Headers */ = {isa = PBXBuildFile; fileRef = 6B60B25519A3BC3C00ED1A4E /* JGProgressHUDErrorIndicatorView.h */; };
		6BF7DC731AEFD02A000A0AE0 /* JGProgressHUD.m in Sources */ = {isa = PBXBuildFile; fileRef = 6BC0189D197B2ABF00DA4C49 /* JGProgressHUD.m */; };
		6BF7DC741AEFD02A000A0AE0 /* JGProgressHUDAnimation.m in Sources */ = {isa = PBXBuildFile; fileRef = 6BC0189F197B2ABF00DA4C49 /* JGProgressHUDAnimation.m */; };
		6BF7DC751AEFD02A000A0AE0 /* JGProgressHUDFadeAnimation.m in Sources */ = {isa = PBXBuildFile; fileRef = 6BC018A1197B2ABF00DA4C49 /* JGProgressHUDFadeAnimation.m */; };
		6BF7DC761AEFD02A000A0AE0 /* JGProgressHUDFadeZoomAnimation.m in Sources */ = {isa = PBXBuildFile; fileRef = 6BC018A3197B2ABF00DA4C49 /* JGProgressHUDFadeZoomAnimation.m */; };
		6BF7DC771AEFD02A000A0AE0 /* JGProgressHUDIndicatorView.m in Sources */ = {isa = PBXBuildFile; fileRef = 6BC018A7197B2ABF00DA4C49 /* JGProgressHUDIndicatorView.m */; };
		6BF7DC781AEFD02A000A0AE0 /* JGProgressHUDIndeterminateIndicatorView.m in Sources */ = {isa = PBXBuildFile; fileRef = 6BC018A5197B2ABF00DA4C49 /* JGProgressHUDIndeterminateIndicatorView.m */; };
		6BF7DC791AEFD02A000A0AE0 /* JGProgressHUDPieIndicatorView.m in Sources */ = {isa = PBXBuildFile; fileRef = 6BC018A9197B2ABF00DA4C49 /* JGProgressHUDPieIndicatorView.m */; };
		6BF7DC7A1AEFD02A000A0AE0 /* JGProgressHUDRingIndicatorView.m in Sources */ = {isa = PBXBuildFile; fileRef = 6BC018AB197B2ABF00DA4C49 /* JGProgressHUDRingIndicatorView.m */; };
		6BF7DC7B1AEFD02A000A0AE0 /* JGProgressHUDSuccessIndicatorView.m in Sources */ = {isa = PBXBuildFile; fileRef = 6B60B25319A3B78B00ED1A4E /* JGProgressHUDSuccessIndicatorView.m */; };
		6BF7DC7C1AEFD02A000A0AE0 /* JGProgressHUDErrorIndicatorView.m in Sources */ = {isa = PBXBuildFile; fileRef = 6B60B25619A3BC3C00ED1A4E /* JGProgressHUDErrorIndicatorView.m */; };
		6BF7DC7D1AEFD045000A0AE0 /* JGProgressHUD.h in Headers */ = {isa = PBXBuildFile; fileRef = 6BC0189C197B2ABF00DA4C49 /* JGProgressHUD.h */; settings = {ATTRIBUTES = (Public, ); }; };
		6BF7DC7E1AEFD045000A0AE0 /* JGProgressHUDAnimation.h in Headers */ = {isa = PBXBuildFile; fileRef = 6BC0189E197B2ABF00DA4C49 /* JGProgressHUDAnimation.h */; settings = {ATTRIBUTES = (Public, ); }; };
		6BF7DC7F1AEFD045000A0AE0 /* JGProgressHUDFadeAnimation.h in Headers */ = {isa = PBXBuildFile; fileRef = 6BC018A0197B2ABF00DA4C49 /* JGProgressHUDFadeAnimation.h */; settings = {ATTRIBUTES = (Public, ); }; };
		6BF7DC801AEFD045000A0AE0 /* JGProgressHUDFadeZoomAnimation.h in Headers */ = {isa = PBXBuildFile; fileRef = 6BC018A2197B2ABF00DA4C49 /* JGProgressHUDFadeZoomAnimation.h */; settings = {ATTRIBUTES = (Public, ); }; };
		6BF7DC811AEFD045000A0AE0 /* JGProgressHUDIndicatorView.h in Headers */ = {isa = PBXBuildFile; fileRef = 6BC018A6197B2ABF00DA4C49 /* JGProgressHUDIndicatorView.h */; settings = {ATTRIBUTES = (Public, ); }; };
		6BF7DC821AEFD045000A0AE0 /* JGProgressHUDIndeterminateIndicatorView.h in Headers */ = {isa = PBXBuildFile; fileRef = 6BC018A4197B2ABF00DA4C49 /* JGProgressHUDIndeterminateIndicatorView.h */; settings = {ATTRIBUTES = (Public, ); }; };
		6BF7DC831AEFD045000A0AE0 /* JGProgressHUDPieIndicatorView.h in Headers */ = {isa = PBXBuildFile; fileRef = 6BC018A8197B2ABF00DA4C49 /* JGProgressHUDPieIndicatorView.h */; settings = {ATTRIBUTES = (Public, ); }; };
		6BF7DC841AEFD045000A0AE0 /* JGProgressHUDRingIndicatorView.h in Headers */ = {isa = PBXBuildFile; fileRef = 6BC018AA197B2ABF00DA4C49 /* JGProgressHUDRingIndicatorView.h */; settings = {ATTRIBUTES = (Public, ); }; };
		6BF7DC851AEFD045000A0AE0 /* JGProgressHUDSuccessIndicatorView.h in Headers */ = {isa = PBXBuildFile; fileRef = 6B60B25219A3B78B00ED1A4E /* JGProgressHUDSuccessIndicatorView.h */; settings = {ATTRIBUTES = (Public, ); }; };
		6BF7DC861AEFD045000A0AE0 /* JGProgressHUDErrorIndicatorView.h in Headers */ = {isa = PBXBuildFile; fileRef = 6B60B25519A3BC3C00ED1A4E /* JGProgressHUDErrorIndicatorView.h */; settings = {ATTRIBUTES = (Public, ); }; };
		6BF7DC871AEFD05B000A0AE0 /* UIKit.framework in Frameworks */ = {isa = PBXBuildFile; fileRef = 6BC018B6197B2BC700DA4C49 /* UIKit.framework */; };
		6BF7DC8A1AEFD066000A0AE0 /* Foundation.framework in Frameworks */ = {isa = PBXBuildFile; fileRef = 6BC01876197B2AA500DA4C49 /* Foundation.framework */; };
		6BF7DC8B1AEFD072000A0AE0 /* QuartzCore.framework in Frameworks */ = {isa = PBXBuildFile; fileRef = 6BC018B8197B2BCB00DA4C49 /* QuartzCore.framework */; };
		6BF7DC931AEFD35D000A0AE0 /* JGProgressHUD-Defines.h in Headers */ = {isa = PBXBuildFile; fileRef = 6BF7DC921AEFD245000A0AE0 /* JGProgressHUD-Defines.h */; settings = {ATTRIBUTES = (Public, ); }; };
		6BF7DC941AEFD366000A0AE0 /* JGProgressHUD-Defines.h in Copy Headers */ = {isa = PBXBuildFile; fileRef = 6BF7DC921AEFD245000A0AE0 /* JGProgressHUD-Defines.h */; };
/* End PBXBuildFile section */

/* Begin PBXContainerItemProxy section */
		6B8435B71B04F454004408CE /* PBXContainerItemProxy */ = {
			isa = PBXContainerItemProxy;
			containerPortal = 6BC0186B197B2AA500DA4C49 /* Project object */;
			proxyType = 1;
			remoteGlobalIDString = 6B60B23F19A3B3C500ED1A4E;
			remoteInfo = "JGProgressHUD Resources";
		};
/* End PBXContainerItemProxy section */

/* Begin PBXCopyFilesBuildPhase section */
		6BF7DC4A1AEE6D1D000A0AE0 /* Copy Headers */ = {
			isa = PBXCopyFilesBuildPhase;
			buildActionMask = 2147483647;
			dstPath = include;
			dstSubfolderSpec = 16;
			files = (
				6BEEFF5F1B7220AD006B4CD7 /* JGProgressHUDImageIndicatorView.h in Copy Headers */,
				6BF7DC4B1AEE6D39000A0AE0 /* JGProgressHUD.h in Copy Headers */,
				6BF7DC4C1AEE6D39000A0AE0 /* JGProgressHUDAnimation.h in Copy Headers */,
				6BF7DC4D1AEE6D39000A0AE0 /* JGProgressHUDFadeAnimation.h in Copy Headers */,
				6BF7DC4E1AEE6D39000A0AE0 /* JGProgressHUDFadeZoomAnimation.h in Copy Headers */,
				6BF7DC4F1AEE6D39000A0AE0 /* JGProgressHUDIndicatorView.h in Copy Headers */,
				6BF7DC941AEFD366000A0AE0 /* JGProgressHUD-Defines.h in Copy Headers */,
				6BF7DC501AEE6D39000A0AE0 /* JGProgressHUDIndeterminateIndicatorView.h in Copy Headers */,
				6BF7DC511AEE6D39000A0AE0 /* JGProgressHUDPieIndicatorView.h in Copy Headers */,
				6BF7DC521AEE6D39000A0AE0 /* JGProgressHUDRingIndicatorView.h in Copy Headers */,
				6BF7DC531AEE6D39000A0AE0 /* JGProgressHUDSuccessIndicatorView.h in Copy Headers */,
				6BF7DC541AEE6D39000A0AE0 /* JGProgressHUDErrorIndicatorView.h in Copy Headers */,
			);
			name = "Copy Headers";
			runOnlyForDeploymentPostprocessing = 0;
		};
/* End PBXCopyFilesBuildPhase section */

/* Begin PBXFileReference section */
		6B29118C19CA0D4500E93DF9 /* jg_hud_error@3x.png */ = {isa = PBXFileReference; lastKnownFileType = image.png; name = "jg_hud_error@3x.png"; path = "JGProgressHUD/JGProgressHUD Resources.bundle/jg_hud_error@3x.png"; sourceTree = SOURCE_ROOT; };
		6B29118D19CA0D4500E93DF9 /* jg_hud_success@3x.png */ = {isa = PBXFileReference; lastKnownFileType = image.png; name = "jg_hud_success@3x.png"; path = "JGProgressHUD/JGProgressHUD Resources.bundle/jg_hud_success@3x.png"; sourceTree = SOURCE_ROOT; };
		6B334B46197DB7940010087F /* CoreFoundation.framework */ = {isa = PBXFileReference; lastKnownFileType = wrapper.framework; name = CoreFoundation.framework; path = System/Library/Frameworks/CoreFoundation.framework; sourceTree = SDKROOT; };
		6B60B24019A3B3C500ED1A4E /* JGProgressHUD Resources.bundle */ = {isa = PBXFileReference; explicitFileType = wrapper.cfbundle; includeInIndex = 0; path = "JGProgressHUD Resources.bundle"; sourceTree = BUILT_PRODUCTS_DIR; };
		6B60B25219A3B78B00ED1A4E /* JGProgressHUDSuccessIndicatorView.h */ = {isa = PBXFileReference; fileEncoding = 4; lastKnownFileType = sourcecode.c.h; path = JGProgressHUDSuccessIndicatorView.h; sourceTree = "<group>"; };
		6B60B25319A3B78B00ED1A4E /* JGProgressHUDSuccessIndicatorView.m */ = {isa = PBXFileReference; fileEncoding = 4; lastKnownFileType = sourcecode.c.objc; path = JGProgressHUDSuccessIndicatorView.m; sourceTree = "<group>"; };
		6B60B25519A3BC3C00ED1A4E /* JGProgressHUDErrorIndicatorView.h */ = {isa = PBXFileReference; fileEncoding = 4; lastKnownFileType = sourcecode.c.h; path = JGProgressHUDErrorIndicatorView.h; sourceTree = "<group>"; };
		6B60B25619A3BC3C00ED1A4E /* JGProgressHUDErrorIndicatorView.m */ = {isa = PBXFileReference; fileEncoding = 4; lastKnownFileType = sourcecode.c.objc; path = JGProgressHUDErrorIndicatorView.m; sourceTree = "<group>"; };
		6B60B27119A3C34D00ED1A4E /* jg_hud_error.png */ = {isa = PBXFileReference; lastKnownFileType = image.png; name = jg_hud_error.png; path = "JGProgressHUD/JGProgressHUD Resources.bundle/jg_hud_error.png"; sourceTree = SOURCE_ROOT; };
		6B60B27219A3C34D00ED1A4E /* jg_hud_error@2x.png */ = {isa = PBXFileReference; lastKnownFileType = image.png; name = "jg_hud_error@2x.png"; path = "JGProgressHUD/JGProgressHUD Resources.bundle/jg_hud_error@2x.png"; sourceTree = SOURCE_ROOT; };
		6B60B27319A3C34D00ED1A4E /* jg_hud_success.png */ = {isa = PBXFileReference; lastKnownFileType = image.png; name = jg_hud_success.png; path = "JGProgressHUD/JGProgressHUD Resources.bundle/jg_hud_success.png"; sourceTree = SOURCE_ROOT; };
		6B60B27419A3C34D00ED1A4E /* jg_hud_success@2x.png */ = {isa = PBXFileReference; lastKnownFileType = image.png; name = "jg_hud_success@2x.png"; path = "JGProgressHUD/JGProgressHUD Resources.bundle/jg_hud_success@2x.png"; sourceTree = SOURCE_ROOT; };
		6BC01873197B2AA500DA4C49 /* libJGProgressHUD.a */ = {isa = PBXFileReference; explicitFileType = archive.ar; includeInIndex = 0; path = libJGProgressHUD.a; sourceTree = BUILT_PRODUCTS_DIR; };
		6BC01876197B2AA500DA4C49 /* Foundation.framework */ = {isa = PBXFileReference; lastKnownFileType = wrapper.framework; name = Foundation.framework; path = System/Library/Frameworks/Foundation.framework; sourceTree = SDKROOT; };
		6BC0189C197B2ABF00DA4C49 /* JGProgressHUD.h */ = {isa = PBXFileReference; fileEncoding = 4; lastKnownFileType = sourcecode.c.h; path = JGProgressHUD.h; sourceTree = "<group>"; };
		6BC0189D197B2ABF00DA4C49 /* JGProgressHUD.m */ = {isa = PBXFileReference; fileEncoding = 4; lastKnownFileType = sourcecode.c.objc; path = JGProgressHUD.m; sourceTree = "<group>"; };
		6BC0189E197B2ABF00DA4C49 /* JGProgressHUDAnimation.h */ = {isa = PBXFileReference; fileEncoding = 4; lastKnownFileType = sourcecode.c.h; path = JGProgressHUDAnimation.h; sourceTree = "<group>"; };
		6BC0189F197B2ABF00DA4C49 /* JGProgressHUDAnimation.m */ = {isa = PBXFileReference; fileEncoding = 4; lastKnownFileType = sourcecode.c.objc; path = JGProgressHUDAnimation.m; sourceTree = "<group>"; };
		6BC018A0197B2ABF00DA4C49 /* JGProgressHUDFadeAnimation.h */ = {isa = PBXFileReference; fileEncoding = 4; lastKnownFileType = sourcecode.c.h; path = JGProgressHUDFadeAnimation.h; sourceTree = "<group>"; };
		6BC018A1197B2ABF00DA4C49 /* JGProgressHUDFadeAnimation.m */ = {isa = PBXFileReference; fileEncoding = 4; lastKnownFileType = sourcecode.c.objc; path = JGProgressHUDFadeAnimation.m; sourceTree = "<group>"; };
		6BC018A2197B2ABF00DA4C49 /* JGProgressHUDFadeZoomAnimation.h */ = {isa = PBXFileReference; fileEncoding = 4; lastKnownFileType = sourcecode.c.h; path = JGProgressHUDFadeZoomAnimation.h; sourceTree = "<group>"; };
		6BC018A3197B2ABF00DA4C49 /* JGProgressHUDFadeZoomAnimation.m */ = {isa = PBXFileReference; fileEncoding = 4; lastKnownFileType = sourcecode.c.objc; path = JGProgressHUDFadeZoomAnimation.m; sourceTree = "<group>"; };
		6BC018A4197B2ABF00DA4C49 /* JGProgressHUDIndeterminateIndicatorView.h */ = {isa = PBXFileReference; fileEncoding = 4; lastKnownFileType = sourcecode.c.h; path = JGProgressHUDIndeterminateIndicatorView.h; sourceTree = "<group>"; };
		6BC018A5197B2ABF00DA4C49 /* JGProgressHUDIndeterminateIndicatorView.m */ = {isa = PBXFileReference; fileEncoding = 4; lastKnownFileType = sourcecode.c.objc; path = JGProgressHUDIndeterminateIndicatorView.m; sourceTree = "<group>"; };
		6BC018A6197B2ABF00DA4C49 /* JGProgressHUDIndicatorView.h */ = {isa = PBXFileReference; fileEncoding = 4; lastKnownFileType = sourcecode.c.h; path = JGProgressHUDIndicatorView.h; sourceTree = "<group>"; };
		6BC018A7197B2ABF00DA4C49 /* JGProgressHUDIndicatorView.m */ = {isa = PBXFileReference; fileEncoding = 4; lastKnownFileType = sourcecode.c.objc; path = JGProgressHUDIndicatorView.m; sourceTree = "<group>"; };
		6BC018A8197B2ABF00DA4C49 /* JGProgressHUDPieIndicatorView.h */ = {isa = PBXFileReference; fileEncoding = 4; lastKnownFileType = sourcecode.c.h; path = JGProgressHUDPieIndicatorView.h; sourceTree = "<group>"; };
		6BC018A9197B2ABF00DA4C49 /* JGProgressHUDPieIndicatorView.m */ = {isa = PBXFileReference; fileEncoding = 4; lastKnownFileType = sourcecode.c.objc; path = JGProgressHUDPieIndicatorView.m; sourceTree = "<group>"; };
		6BC018AA197B2ABF00DA4C49 /* JGProgressHUDRingIndicatorView.h */ = {isa = PBXFileReference; fileEncoding = 4; lastKnownFileType = sourcecode.c.h; path = JGProgressHUDRingIndicatorView.h; sourceTree = "<group>"; };
		6BC018AB197B2ABF00DA4C49 /* JGProgressHUDRingIndicatorView.m */ = {isa = PBXFileReference; fileEncoding = 4; lastKnownFileType = sourcecode.c.objc; path = JGProgressHUDRingIndicatorView.m; sourceTree = "<group>"; };
		6BC018B6197B2BC700DA4C49 /* UIKit.framework */ = {isa = PBXFileReference; lastKnownFileType = wrapper.framework; name = UIKit.framework; path = System/Library/Frameworks/UIKit.framework; sourceTree = SDKROOT; };
		6BC018B8197B2BCB00DA4C49 /* QuartzCore.framework */ = {isa = PBXFileReference; lastKnownFileType = wrapper.framework; name = QuartzCore.framework; path = System/Library/Frameworks/QuartzCore.framework; sourceTree = SDKROOT; };
		6BD009001991033600DE219C /* JGProgressHUD-Prefix.pch */ = {isa = PBXFileReference; lastKnownFileType = sourcecode.c.h; path = "JGProgressHUD-Prefix.pch"; sourceTree = SOURCE_ROOT; };
		6BEEFF571B721ED0006B4CD7 /* JGProgressHUDImageIndicatorView.h */ = {isa = PBXFileReference; fileEncoding = 4; lastKnownFileType = sourcecode.c.h; path = JGProgressHUDImageIndicatorView.h; sourceTree = "<group>"; };
		6BEEFF581B721ED0006B4CD7 /* JGProgressHUDImageIndicatorView.m */ = {isa = PBXFileReference; fileEncoding = 4; lastKnownFileType = sourcecode.c.objc; path = JGProgressHUDImageIndicatorView.m; sourceTree = "<group>"; };
		6BF7DC5A1AEFCFD9000A0AE0 /* JGProgressHUD.framework */ = {isa = PBXFileReference; explicitFileType = wrapper.framework; includeInIndex = 0; path = JGProgressHUD.framework; sourceTree = BUILT_PRODUCTS_DIR; };
		6BF7DC5D1AEFCFD9000A0AE0 /* Info.plist */ = {isa = PBXFileReference; lastKnownFileType = text.plist.xml; path = Info.plist; sourceTree = "<group>"; };
		6BF7DC881AEFD063000A0AE0 /* CoreGraphics.framework */ = {isa = PBXFileReference; lastKnownFileType = wrapper.framework; name = CoreGraphics.framework; path = System/Library/Frameworks/CoreGraphics.framework; sourceTree = SDKROOT; };
		6BF7DC921AEFD245000A0AE0 /* JGProgressHUD-Defines.h */ = {isa = PBXFileReference; lastKnownFileType = sourcecode.c.h; path = "JGProgressHUD-Defines.h"; sourceTree = "<group>"; };
/* End PBXFileReference section */

/* Begin PBXFrameworksBuildPhase section */
		6B60B23D19A3B3C500ED1A4E /* Frameworks */ = {
			isa = PBXFrameworksBuildPhase;
			buildActionMask = 2147483647;
			files = (
			);
			runOnlyForDeploymentPostprocessing = 0;
		};
		6BC01870197B2AA500DA4C49 /* Frameworks */ = {
			isa = PBXFrameworksBuildPhase;
			buildActionMask = 2147483647;
			files = (
				6BC018B9197B2BCB00DA4C49 /* QuartzCore.framework in Frameworks */,
				6BC018B7197B2BC700DA4C49 /* UIKit.framework in Frameworks */,
				6BC01877197B2AA500DA4C49 /* Foundation.framework in Frameworks */,
			);
			runOnlyForDeploymentPostprocessing = 0;
		};
		6BF7DC561AEFCFD9000A0AE0 /* Frameworks */ = {
			isa = PBXFrameworksBuildPhase;
			buildActionMask = 2147483647;
			files = (
				6BF7DC8B1AEFD072000A0AE0 /* QuartzCore.framework in Frameworks */,
				6BF7DC8A1AEFD066000A0AE0 /* Foundation.framework in Frameworks */,
				6BF7DC871AEFD05B000A0AE0 /* UIKit.framework in Frameworks */,
			);
			runOnlyForDeploymentPostprocessing = 0;
		};
/* End PBXFrameworksBuildPhase section */

/* Begin PBXGroup section */
		6B60B26819A3C20100ED1A4E /* Resources */ = {
			isa = PBXGroup;
			children = (
				6B60B27119A3C34D00ED1A4E /* jg_hud_error.png */,
				6B60B27219A3C34D00ED1A4E /* jg_hud_error@2x.png */,
				6B29118C19CA0D4500E93DF9 /* jg_hud_error@3x.png */,
				6B60B27319A3C34D00ED1A4E /* jg_hud_success.png */,
				6B60B27419A3C34D00ED1A4E /* jg_hud_success@2x.png */,
				6B29118D19CA0D4500E93DF9 /* jg_hud_success@3x.png */,
			);
			path = Resources;
			sourceTree = SOURCE_ROOT;
		};
		6BC0186A197B2AA500DA4C49 = {
			isa = PBXGroup;
			children = (
				6BC01878197B2AA500DA4C49 /* JGProgressHUD */,
				6BC01879197B2AA500DA4C49 /* Supporting Files */,
				6BF7DC5B1AEFCFD9000A0AE0 /* JGProgressHUD Framework */,
				6BC01875197B2AA500DA4C49 /* Frameworks */,
				6BC01874197B2AA500DA4C49 /* Products */,
			);
			sourceTree = "<group>";
		};
		6BC01874197B2AA500DA4C49 /* Products */ = {
			isa = PBXGroup;
			children = (
				6BC01873197B2AA500DA4C49 /* libJGProgressHUD.a */,
				6B60B24019A3B3C500ED1A4E /* JGProgressHUD Resources.bundle */,
				6BF7DC5A1AEFCFD9000A0AE0 /* JGProgressHUD.framework */,
			);
			name = Products;
			sourceTree = "<group>";
		};
		6BC01875197B2AA500DA4C49 /* Frameworks */ = {
			isa = PBXGroup;
			children = (
				6BF7DC881AEFD063000A0AE0 /* CoreGraphics.framework */,
				6BC018B8197B2BCB00DA4C49 /* QuartzCore.framework */,
				6BC018B6197B2BC700DA4C49 /* UIKit.framework */,
				6BC01876197B2AA500DA4C49 /* Foundation.framework */,
				6B334B46197DB7940010087F /* CoreFoundation.framework */,
			);
			name = Frameworks;
			sourceTree = "<group>";
		};
		6BC01878197B2AA500DA4C49 /* JGProgressHUD */ = {
			isa = PBXGroup;
			children = (
				6BC0189C197B2ABF00DA4C49 /* JGProgressHUD.h */,
				6BC0189D197B2ABF00DA4C49 /* JGProgressHUD.m */,
				6BF7DC921AEFD245000A0AE0 /* JGProgressHUD-Defines.h */,
				6BC018B4197B2AC300DA4C49 /* Animations */,
				6BC018B5197B2ACB00DA4C49 /* Indicators */,
				6B60B26819A3C20100ED1A4E /* Resources */,
			);
			path = JGProgressHUD;
			sourceTree = "<group>";
		};
		6BC01879197B2AA500DA4C49 /* Supporting Files */ = {
			isa = PBXGroup;
			children = (
				6BD009001991033600DE219C /* JGProgressHUD-Prefix.pch */,
			);
			name = "Supporting Files";
			path = JGProgressHUD;
			sourceTree = "<group>";
		};
		6BC018B4197B2AC300DA4C49 /* Animations */ = {
			isa = PBXGroup;
			children = (
				6BC0189E197B2ABF00DA4C49 /* JGProgressHUDAnimation.h */,
				6BC0189F197B2ABF00DA4C49 /* JGProgressHUDAnimation.m */,
				6BC018A0197B2ABF00DA4C49 /* JGProgressHUDFadeAnimation.h */,
				6BC018A1197B2ABF00DA4C49 /* JGProgressHUDFadeAnimation.m */,
				6BC018A2197B2ABF00DA4C49 /* JGProgressHUDFadeZoomAnimation.h */,
				6BC018A3197B2ABF00DA4C49 /* JGProgressHUDFadeZoomAnimation.m */,
			);
			name = Animations;
			sourceTree = "<group>";
		};
		6BC018B5197B2ACB00DA4C49 /* Indicators */ = {
			isa = PBXGroup;
			children = (
				6BC018A6197B2ABF00DA4C49 /* JGProgressHUDIndicatorView.h */,
				6BC018A7197B2ABF00DA4C49 /* JGProgressHUDIndicatorView.m */,
				6BEEFF571B721ED0006B4CD7 /* JGProgressHUDImageIndicatorView.h */,
				6BEEFF581B721ED0006B4CD7 /* JGProgressHUDImageIndicatorView.m */,
				6BEEFF5E1B721FEE006B4CD7 /* Indeterminate Progress */,
				6BEEFF5C1B721FD0006B4CD7 /* Progress Indicators */,
				6BEEFF5D1B721FDB006B4CD7 /* Success/Error Indicators */,
			);
			name = Indicators;
			sourceTree = "<group>";
		};
		6BEEFF5C1B721FD0006B4CD7 /* Progress Indicators */ = {
			isa = PBXGroup;
			children = (
				6BC018A8197B2ABF00DA4C49 /* JGProgressHUDPieIndicatorView.h */,
				6BC018A9197B2ABF00DA4C49 /* JGProgressHUDPieIndicatorView.m */,
				6BC018AA197B2ABF00DA4C49 /* JGProgressHUDRingIndicatorView.h */,
				6BC018AB197B2ABF00DA4C49 /* JGProgressHUDRingIndicatorView.m */,
			);
			name = "Progress Indicators";
			sourceTree = "<group>";
		};
		6BEEFF5D1B721FDB006B4CD7 /* Success/Error Indicators */ = {
			isa = PBXGroup;
			children = (
				6B60B25219A3B78B00ED1A4E /* JGProgressHUDSuccessIndicatorView.h */,
				6B60B25319A3B78B00ED1A4E /* JGProgressHUDSuccessIndicatorView.m */,
				6B60B25519A3BC3C00ED1A4E /* JGProgressHUDErrorIndicatorView.h */,
				6B60B25619A3BC3C00ED1A4E /* JGProgressHUDErrorIndicatorView.m */,
			);
			name = "Success/Error Indicators";
			sourceTree = "<group>";
		};
		6BEEFF5E1B721FEE006B4CD7 /* Indeterminate Progress */ = {
			isa = PBXGroup;
			children = (
				6BC018A4197B2ABF00DA4C49 /* JGProgressHUDIndeterminateIndicatorView.h */,
				6BC018A5197B2ABF00DA4C49 /* JGProgressHUDIndeterminateIndicatorView.m */,
			);
			name = "Indeterminate Progress";
			sourceTree = "<group>";
		};
		6BF7DC5B1AEFCFD9000A0AE0 /* JGProgressHUD Framework */ = {
			isa = PBXGroup;
			children = (
				6BF7DC5C1AEFCFD9000A0AE0 /* Supporting Files */,
			);
			path = "JGProgressHUD Framework";
			sourceTree = "<group>";
		};
		6BF7DC5C1AEFCFD9000A0AE0 /* Supporting Files */ = {
			isa = PBXGroup;
			children = (
				6BF7DC5D1AEFCFD9000A0AE0 /* Info.plist */,
			);
			name = "Supporting Files";
			sourceTree = "<group>";
		};
/* End PBXGroup section */

/* Begin PBXHeadersBuildPhase section */
		6BF7DC571AEFCFD9000A0AE0 /* Headers */ = {
			isa = PBXHeadersBuildPhase;
			buildActionMask = 2147483647;
			files = (
				6BF7DC7D1AEFD045000A0AE0 /* JGProgressHUD.h in Headers */,
				6BF7DC7E1AEFD045000A0AE0 /* JGProgressHUDAnimation.h in Headers */,
				6BF7DC7F1AEFD045000A0AE0 /* JGProgressHUDFadeAnimation.h in Headers */,
				6BF7DC801AEFD045000A0AE0 /* JGProgressHUDFadeZoomAnimation.h in Headers */,
				6BF7DC811AEFD045000A0AE0 /* JGProgressHUDIndicatorView.h in Headers */,
				6BF7DC821AEFD045000A0AE0 /* JGProgressHUDIndeterminateIndicatorView.h in Headers */,
				6BF7DC831AEFD045000A0AE0 /* JGProgressHUDPieIndicatorView.h in Headers */,
				6BF7DC841AEFD045000A0AE0 /* JGProgressHUDRingIndicatorView.h in Headers */,
				6BF7DC851AEFD045000A0AE0 /* JGProgressHUDSuccessIndicatorView.h in Headers */,
				6BF7DC861AEFD045000A0AE0 /* JGProgressHUDErrorIndicatorView.h in Headers */,
				6BF7DC931AEFD35D000A0AE0 /* JGProgressHUD-Defines.h in Headers */,
				6BEEFF591B721ED0006B4CD7 /* JGProgressHUDImageIndicatorView.h in Headers */,
			);
			runOnlyForDeploymentPostprocessing = 0;
		};
/* End PBXHeadersBuildPhase section */

/* Begin PBXNativeTarget section */
		6B60B23F19A3B3C500ED1A4E /* JGProgressHUD Resources */ = {
			isa = PBXNativeTarget;
			buildConfigurationList = 6B60B24419A3B3C500ED1A4E /* Build configuration list for PBXNativeTarget "JGProgressHUD Resources" */;
			buildPhases = (
				6B60B23C19A3B3C500ED1A4E /* Sources */,
				6B60B23D19A3B3C500ED1A4E /* Frameworks */,
				6B60B23E19A3B3C500ED1A4E /* Resources */,
			);
			buildRules = (
			);
			dependencies = (
			);
			name = "JGProgressHUD Resources";
			productName = "JGProgressHUD Resources";
			productReference = 6B60B24019A3B3C500ED1A4E /* JGProgressHUD Resources.bundle */;
			productType = "com.apple.product-type.bundle";
		};
		6BC01872197B2AA500DA4C49 /* JGProgressHUD */ = {
			isa = PBXNativeTarget;
			buildConfigurationList = 6BC01896197B2AA600DA4C49 /* Build configuration list for PBXNativeTarget "JGProgressHUD" */;
			buildPhases = (
				6BC0186F197B2AA500DA4C49 /* Sources */,
				6BC01870197B2AA500DA4C49 /* Frameworks */,
				6BF7DC4A1AEE6D1D000A0AE0 /* Copy Headers */,
			);
			buildRules = (
			);
			dependencies = (
			);
			name = JGProgressHUD;
			productName = JGProgressHUD;
			productReference = 6BC01873197B2AA500DA4C49 /* libJGProgressHUD.a */;
			productType = "com.apple.product-type.library.static";
		};
		6BF7DC591AEFCFD9000A0AE0 /* JGProgressHUD Framework */ = {
			isa = PBXNativeTarget;
			buildConfigurationList = 6BF7DC6D1AEFCFD9000A0AE0 /* Build configuration list for PBXNativeTarget "JGProgressHUD Framework" */;
			buildPhases = (
				6BF7DC551AEFCFD9000A0AE0 /* Sources */,
				6BF7DC561AEFCFD9000A0AE0 /* Frameworks */,
				6BF7DC571AEFCFD9000A0AE0 /* Headers */,
				6BF7DC581AEFCFD9000A0AE0 /* Resources */,
			);
			buildRules = (
			);
			dependencies = (
				6B8435B81B04F454004408CE /* PBXTargetDependency */,
			);
			name = "JGProgressHUD Framework";
			productName = "JGProgressHUD Framework";
			productReference = 6BF7DC5A1AEFCFD9000A0AE0 /* JGProgressHUD.framework */;
			productType = "com.apple.product-type.framework";
		};
/* End PBXNativeTarget section */

/* Begin PBXProject section */
		6BC0186B197B2AA500DA4C49 /* Project object */ = {
			isa = PBXProject;
			attributes = {
				LastUpgradeCheck = 0700;
				ORGANIZATIONNAME = "Jonas Gessner";
				TargetAttributes = {
					6B60B23F19A3B3C500ED1A4E = {
						CreatedOnToolsVersion = 6.0;
					};
					6BF7DC591AEFCFD9000A0AE0 = {
						CreatedOnToolsVersion = 6.3;
					};
				};
			};
			buildConfigurationList = 6BC0186E197B2AA500DA4C49 /* Build configuration list for PBXProject "JGProgressHUD" */;
			compatibilityVersion = "Xcode 3.2";
			developmentRegion = English;
			hasScannedForEncodings = 0;
			knownRegions = (
				en,
			);
			mainGroup = 6BC0186A197B2AA500DA4C49;
			productRefGroup = 6BC01874197B2AA500DA4C49 /* Products */;
			projectDirPath = "";
			projectRoot = "";
			targets = (
				6BC01872197B2AA500DA4C49 /* JGProgressHUD */,
				6B60B23F19A3B3C500ED1A4E /* JGProgressHUD Resources */,
				6BF7DC591AEFCFD9000A0AE0 /* JGProgressHUD Framework */,
			);
		};
/* End PBXProject section */

/* Begin PBXResourcesBuildPhase section */
		6B60B23E19A3B3C500ED1A4E /* Resources */ = {
			isa = PBXResourcesBuildPhase;
			buildActionMask = 2147483647;
			files = (
				6B60B27519A3C34D00ED1A4E /* jg_hud_error.png in Resources */,
				6B60B27619A3C34D00ED1A4E /* jg_hud_error@2x.png in Resources */,
				6B29118E19CA0D4500E93DF9 /* jg_hud_error@3x.png in Resources */,
				6B60B27719A3C34D00ED1A4E /* jg_hud_success.png in Resources */,
				6B60B27819A3C34D00ED1A4E /* jg_hud_success@2x.png in Resources */,
				6B29118F19CA0D4500E93DF9 /* jg_hud_success@3x.png in Resources */,
			);
			runOnlyForDeploymentPostprocessing = 0;
		};
		6BF7DC581AEFCFD9000A0AE0 /* Resources */ = {
			isa = PBXResourcesBuildPhase;
			buildActionMask = 2147483647;
			files = (
				6B8435B61B04F44D004408CE /* JGProgressHUD Resources.bundle in Resources */,
			);
			runOnlyForDeploymentPostprocessing = 0;
		};
/* End PBXResourcesBuildPhase section */

/* Begin PBXSourcesBuildPhase section */
		6B60B23C19A3B3C500ED1A4E /* Sources */ = {
			isa = PBXSourcesBuildPhase;
			buildActionMask = 2147483647;
			files = (
			);
			runOnlyForDeploymentPostprocessing = 0;
		};
		6BC0186F197B2AA500DA4C49 /* Sources */ = {
			isa = PBXSourcesBuildPhase;
			buildActionMask = 2147483647;
			files = (
				6BC018AD197B2ABF00DA4C49 /* JGProgressHUDAnimation.m in Sources */,
				6B60B25719A3BC3C00ED1A4E /* JGProgressHUDErrorIndicatorView.m in Sources */,
				6BC018AC197B2ABF00DA4C49 /* JGProgressHUD.m in Sources */,
				6BC018B2197B2ABF00DA4C49 /* JGProgressHUDPieIndicatorView.m in Sources */,
				6BC018AF197B2ABF00DA4C49 /* JGProgressHUDFadeZoomAnimation.m in Sources */,
				6BEEFF5A1B721ED0006B4CD7 /* JGProgressHUDImageIndicatorView.m in Sources */,
				6BC018B3197B2ABF00DA4C49 /* JGProgressHUDRingIndicatorView.m in Sources */,
				6BC018B0197B2ABF00DA4C49 /* JGProgressHUDIndeterminateIndicatorView.m in Sources */,
				6BC018B1197B2ABF00DA4C49 /* JGProgressHUDIndicatorView.m in Sources */,
				6B60B25419A3B78B00ED1A4E /* JGProgressHUDSuccessIndicatorView.m in Sources */,
				6BC018AE197B2ABF00DA4C49 /* JGProgressHUDFadeAnimation.m in Sources */,
			);
			runOnlyForDeploymentPostprocessing = 0;
		};
		6BF7DC551AEFCFD9000A0AE0 /* Sources */ = {
			isa = PBXSourcesBuildPhase;
			buildActionMask = 2147483647;
			files = (
				6BF7DC731AEFD02A000A0AE0 /* JGProgressHUD.m in Sources */,
				6BF7DC741AEFD02A000A0AE0 /* JGProgressHUDAnimation.m in Sources */,
				6BF7DC751AEFD02A000A0AE0 /* JGProgressHUDFadeAnimation.m in Sources */,
				6BF7DC761AEFD02A000A0AE0 /* JGProgressHUDFadeZoomAnimation.m in Sources */,
				6BF7DC771AEFD02A000A0AE0 /* JGProgressHUDIndicatorView.m in Sources */,
				6BEEFF5B1B721ED0006B4CD7 /* JGProgressHUDImageIndicatorView.m in Sources */,
				6BF7DC781AEFD02A000A0AE0 /* JGProgressHUDIndeterminateIndicatorView.m in Sources */,
				6BF7DC791AEFD02A000A0AE0 /* JGProgressHUDPieIndicatorView.m in Sources */,
				6BF7DC7A1AEFD02A000A0AE0 /* JGProgressHUDRingIndicatorView.m in Sources */,
				6BF7DC7B1AEFD02A000A0AE0 /* JGProgressHUDSuccessIndicatorView.m in Sources */,
				6BF7DC7C1AEFD02A000A0AE0 /* JGProgressHUDErrorIndicatorView.m in Sources */,
			);
			runOnlyForDeploymentPostprocessing = 0;
		};
/* End PBXSourcesBuildPhase section */

/* Begin PBXTargetDependency section */
		6B8435B81B04F454004408CE /* PBXTargetDependency */ = {
			isa = PBXTargetDependency;
			target = 6B60B23F19A3B3C500ED1A4E /* JGProgressHUD Resources */;
			targetProxy = 6B8435B71B04F454004408CE /* PBXContainerItemProxy */;
		};
/* End PBXTargetDependency section */

/* Begin XCBuildConfiguration section */
		6B60B24519A3B3C500ED1A4E /* Debug */ = {
			isa = XCBuildConfiguration;
			buildSettings = {
				CLANG_WARN_UNREACHABLE_CODE = YES;
				ENABLE_STRICT_OBJC_MSGSEND = YES;
				GCC_PREPROCESSOR_DEFINITIONS = (
					"DEBUG=1",
					"$(inherited)",
				);
				INFOPLIST_FILE = "";
				INSTALL_PATH = "$(LOCAL_LIBRARY_DIR)/Bundles";
				MACOSX_DEPLOYMENT_TARGET = 10.9;
				PRODUCT_NAME = "$(TARGET_NAME)";
				SDKROOT = iphoneos;
				SKIP_INSTALL = YES;
				WARNING_CFLAGS = "";
				WRAPPER_EXTENSION = bundle;
			};
			name = Debug;
		};
		6B60B24619A3B3C500ED1A4E /* Release */ = {
			isa = XCBuildConfiguration;
			buildSettings = {
				CLANG_WARN_UNREACHABLE_CODE = YES;
				DEBUG_INFORMATION_FORMAT = "dwarf-with-dsym";
				ENABLE_STRICT_OBJC_MSGSEND = YES;
				INFOPLIST_FILE = "";
				INSTALL_PATH = "$(LOCAL_LIBRARY_DIR)/Bundles";
				MACOSX_DEPLOYMENT_TARGET = 10.9;
				PRODUCT_NAME = "$(TARGET_NAME)";
				SDKROOT = iphoneos;
				SKIP_INSTALL = YES;
				WARNING_CFLAGS = "";
				WRAPPER_EXTENSION = bundle;
			};
			name = Release;
		};
		6BC01894197B2AA600DA4C49 /* Debug */ = {
			isa = XCBuildConfiguration;
			buildSettings = {
				ALWAYS_SEARCH_USER_PATHS = NO;
				CLANG_CXX_LANGUAGE_STANDARD = "gnu++0x";
				CLANG_CXX_LIBRARY = "libc++";
				CLANG_ENABLE_MODULES = YES;
				CLANG_ENABLE_OBJC_ARC = YES;
				CLANG_WARN_BOOL_CONVERSION = YES;
				CLANG_WARN_CONSTANT_CONVERSION = YES;
				CLANG_WARN_DIRECT_OBJC_ISA_USAGE = YES_ERROR;
				CLANG_WARN_EMPTY_BODY = YES;
				CLANG_WARN_ENUM_CONVERSION = YES;
				CLANG_WARN_INT_CONVERSION = YES;
				CLANG_WARN_OBJC_ROOT_CLASS = YES_ERROR;
				CLANG_WARN__DUPLICATE_METHOD_MATCH = YES;
				COPY_PHASE_STRIP = NO;
				ENABLE_TESTABILITY = YES;
				GCC_C_LANGUAGE_STANDARD = gnu99;
				GCC_DYNAMIC_NO_PIC = NO;
				GCC_OPTIMIZATION_LEVEL = 0;
				GCC_PREPROCESSOR_DEFINITIONS = (
					"DEBUG=1",
					"$(inherited)",
				);
				GCC_SYMBOLS_PRIVATE_EXTERN = NO;
				GCC_WARN_64_TO_32_BIT_CONVERSION = YES;
				GCC_WARN_ABOUT_RETURN_TYPE = YES_ERROR;
				GCC_WARN_UNDECLARED_SELECTOR = YES;
				GCC_WARN_UNINITIALIZED_AUTOS = YES_AGGRESSIVE;
				GCC_WARN_UNUSED_FUNCTION = YES;
				GCC_WARN_UNUSED_VARIABLE = YES;
				IPHONEOS_DEPLOYMENT_TARGET = 5.0;
				ONLY_ACTIVE_ARCH = YES;
				SDKROOT = iphoneos;
			};
			name = Debug;
		};
		6BC01895197B2AA600DA4C49 /* Release */ = {
			isa = XCBuildConfiguration;
			buildSettings = {
				ALWAYS_SEARCH_USER_PATHS = NO;
				CLANG_CXX_LANGUAGE_STANDARD = "gnu++0x";
				CLANG_CXX_LIBRARY = "libc++";
				CLANG_ENABLE_MODULES = YES;
				CLANG_ENABLE_OBJC_ARC = YES;
				CLANG_WARN_BOOL_CONVERSION = YES;
				CLANG_WARN_CONSTANT_CONVERSION = YES;
				CLANG_WARN_DIRECT_OBJC_ISA_USAGE = YES_ERROR;
				CLANG_WARN_EMPTY_BODY = YES;
				CLANG_WARN_ENUM_CONVERSION = YES;
				CLANG_WARN_INT_CONVERSION = YES;
				CLANG_WARN_OBJC_ROOT_CLASS = YES_ERROR;
				CLANG_WARN__DUPLICATE_METHOD_MATCH = YES;
				COPY_PHASE_STRIP = YES;
				ENABLE_NS_ASSERTIONS = NO;
				GCC_C_LANGUAGE_STANDARD = gnu99;
				GCC_WARN_64_TO_32_BIT_CONVERSION = YES;
				GCC_WARN_ABOUT_RETURN_TYPE = YES_ERROR;
				GCC_WARN_UNDECLARED_SELECTOR = YES;
				GCC_WARN_UNINITIALIZED_AUTOS = YES_AGGRESSIVE;
				GCC_WARN_UNUSED_FUNCTION = YES;
				GCC_WARN_UNUSED_VARIABLE = YES;
				IPHONEOS_DEPLOYMENT_TARGET = 5.0;
				SDKROOT = iphoneos;
				VALIDATE_PRODUCT = YES;
			};
			name = Release;
		};
		6BC01897197B2AA600DA4C49 /* Debug */ = {
			isa = XCBuildConfiguration;
			buildSettings = {
				CLANG_WARN_ASSIGN_ENUM = YES;
				CLANG_WARN_DEPRECATED_OBJC_IMPLEMENTATIONS = NO;
				CLANG_WARN_DOCUMENTATION_COMMENTS = YES;
				CLANG_WARN_IMPLICIT_SIGN_CONVERSION = YES;
				CLANG_WARN_SUSPICIOUS_IMPLICIT_CONVERSION = YES;
				CLANG_WARN_UNREACHABLE_CODE = YES;
				DSTROOT = /tmp/JGProgressHUD.dst;
				GCC_PRECOMPILE_PREFIX_HEADER = YES;
				GCC_PREFIX_HEADER = "JGProgressHUD-Prefix.pch";
				GCC_TREAT_IMPLICIT_FUNCTION_DECLARATIONS_AS_ERRORS = YES;
				GCC_TREAT_INCOMPATIBLE_POINTER_TYPE_WARNINGS_AS_ERRORS = YES;
				GCC_WARN_ABOUT_MISSING_FIELD_INITIALIZERS = YES;
				GCC_WARN_ABOUT_MISSING_NEWLINE = YES;
				GCC_WARN_ABOUT_MISSING_PROTOTYPES = YES;
				GCC_WARN_FOUR_CHARACTER_CONSTANTS = YES;
				GCC_WARN_INITIALIZER_NOT_FULLY_BRACKETED = YES;
				GCC_WARN_MULTIPLE_DEFINITION_TYPES_FOR_SELECTOR = YES;
				GCC_WARN_SHADOW = YES;
				GCC_WARN_SIGN_COMPARE = YES;
				GCC_WARN_UNKNOWN_PRAGMAS = YES;
				GCC_WARN_UNUSED_LABEL = YES;
				GCC_WARN_UNUSED_PARAMETER = YES;
				OTHER_LDFLAGS = "-ObjC";
				PRODUCT_NAME = "$(TARGET_NAME)";
				PUBLIC_HEADERS_FOLDER_PATH = include;
				SKIP_INSTALL = YES;
				WARNING_CFLAGS = "-Wfloat-equal";
				WARNING_LDFLAGS = (
					"-Weverything",
					"-Wcast-align",
					"-Wmissing-declarations",
					"-Wmissing-prototypes",
					"-Woverlength-strings",
					"-Wshadow",
					"-Wundeclared-selector",
					"-Wunreachable-code",
					"-Wformat=2",
					"-Woverriding-method-mismatch",
					"-Wno-objc-missing-property-synthesis",
					"-Wno-unused-parameter",
					"-Wno-covered-switch-default",
					"-Wno-direct-ivar-access",
					"-Wno-assign-enum",
					"-Wno-float-equal",
					"-Wno-switch-enum",
					"-Wno-implicit-retain-self",
					"-Wno-vla",
					"-Wno-pedantic",
					"-Wno-explicit-ownership-type",
					"-Wno-bad-function-cast",
					"-Wno-documentation-unknown-command",
					"-Wno-packed",
				);
			};
			name = Debug;
		};
		6BC01898197B2AA600DA4C49 /* Release */ = {
			isa = XCBuildConfiguration;
			buildSettings = {
				CLANG_WARN_ASSIGN_ENUM = YES;
				CLANG_WARN_DEPRECATED_OBJC_IMPLEMENTATIONS = NO;
				CLANG_WARN_DOCUMENTATION_COMMENTS = YES;
				CLANG_WARN_IMPLICIT_SIGN_CONVERSION = YES;
				CLANG_WARN_SUSPICIOUS_IMPLICIT_CONVERSION = YES;
				CLANG_WARN_UNREACHABLE_CODE = YES;
				DSTROOT = /tmp/JGProgressHUD.dst;
				GCC_PRECOMPILE_PREFIX_HEADER = YES;
				GCC_PREFIX_HEADER = "JGProgressHUD-Prefix.pch";
				GCC_TREAT_IMPLICIT_FUNCTION_DECLARATIONS_AS_ERRORS = YES;
				GCC_TREAT_INCOMPATIBLE_POINTER_TYPE_WARNINGS_AS_ERRORS = YES;
				GCC_WARN_ABOUT_MISSING_FIELD_INITIALIZERS = YES;
				GCC_WARN_ABOUT_MISSING_NEWLINE = YES;
				GCC_WARN_ABOUT_MISSING_PROTOTYPES = YES;
				GCC_WARN_FOUR_CHARACTER_CONSTANTS = YES;
				GCC_WARN_INITIALIZER_NOT_FULLY_BRACKETED = YES;
				GCC_WARN_MULTIPLE_DEFINITION_TYPES_FOR_SELECTOR = YES;
				GCC_WARN_SHADOW = YES;
				GCC_WARN_SIGN_COMPARE = YES;
				GCC_WARN_UNKNOWN_PRAGMAS = YES;
				GCC_WARN_UNUSED_LABEL = YES;
				GCC_WARN_UNUSED_PARAMETER = YES;
				OTHER_LDFLAGS = "-ObjC";
				PRODUCT_NAME = "$(TARGET_NAME)";
				PUBLIC_HEADERS_FOLDER_PATH = include;
				SKIP_INSTALL = YES;
				WARNING_CFLAGS = "-Wfloat-equal";
				WARNING_LDFLAGS = (
					"-Weverything",
					"-Wcast-align",
					"-Wmissing-declarations",
					"-Wmissing-prototypes",
					"-Woverlength-strings",
					"-Wshadow",
					"-Wundeclared-selector",
					"-Wunreachable-code",
					"-Wformat=2",
					"-Woverriding-method-mismatch",
					"-Wno-objc-missing-property-synthesis",
					"-Wno-unused-parameter",
					"-Wno-covered-switch-default",
					"-Wno-direct-ivar-access",
					"-Wno-assign-enum",
					"-Wno-float-equal",
					"-Wno-switch-enum",
					"-Wno-implicit-retain-self",
					"-Wno-vla",
					"-Wno-pedantic",
					"-Wno-explicit-ownership-type",
					"-Wno-bad-function-cast",
					"-Wno-documentation-unknown-command",
					"-Wno-packed",
				);
			};
			name = Release;
		};
		6BF7DC6E1AEFCFD9000A0AE0 /* Debug */ = {
			isa = XCBuildConfiguration;
			buildSettings = {
				CLANG_WARN_UNREACHABLE_CODE = YES;
				"CODE_SIGN_IDENTITY[sdk=iphoneos*]" = "iPhone Developer";
				CURRENT_PROJECT_VERSION = 1;
				DEBUG_INFORMATION_FORMAT = "dwarf-with-dsym";
				DEFINES_MODULE = YES;
				DYLIB_COMPATIBILITY_VERSION = 1;
				DYLIB_CURRENT_VERSION = 1;
				DYLIB_INSTALL_NAME_BASE = "@rpath";
				ENABLE_STRICT_OBJC_MSGSEND = YES;
				GCC_NO_COMMON_BLOCKS = YES;
				GCC_PREPROCESSOR_DEFINITIONS = (
					"DEBUG=1",
					"$(inherited)",
					"JGProgressHUD_Framework=1",
				);
				INFOPLIST_FILE = "JGProgressHUD Framework/Info.plist";
				INSTALL_PATH = "$(LOCAL_LIBRARY_DIR)/Frameworks";
				IPHONEOS_DEPLOYMENT_TARGET = 8.0;
				LD_RUNPATH_SEARCH_PATHS = "$(inherited) @executable_path/Frameworks @loader_path/Frameworks";
				MTL_ENABLE_DEBUG_INFO = YES;
				PRODUCT_BUNDLE_IDENTIFIER = "de.j-gessner.$(PRODUCT_NAME:rfc1034identifier)";
				PRODUCT_NAME = JGProgressHUD;
				SKIP_INSTALL = YES;
				TARGETED_DEVICE_FAMILY = "1,2";
				VERSIONING_SYSTEM = "apple-generic";
				VERSION_INFO_PREFIX = "";
			};
			name = Debug;
		};
		6BF7DC6F1AEFCFD9000A0AE0 /* Release */ = {
			isa = XCBuildConfiguration;
			buildSettings = {
				CLANG_WARN_UNREACHABLE_CODE = YES;
				"CODE_SIGN_IDENTITY[sdk=iphoneos*]" = "iPhone Developer";
				COPY_PHASE_STRIP = NO;
				CURRENT_PROJECT_VERSION = 1;
				DEBUG_INFORMATION_FORMAT = "dwarf-with-dsym";
				DEFINES_MODULE = YES;
				DYLIB_COMPATIBILITY_VERSION = 1;
				DYLIB_CURRENT_VERSION = 1;
				DYLIB_INSTALL_NAME_BASE = "@rpath";
				ENABLE_STRICT_OBJC_MSGSEND = YES;
				GCC_NO_COMMON_BLOCKS = YES;
				GCC_PREPROCESSOR_DEFINITIONS = "JGProgressHUD_Framework=1";
				INFOPLIST_FILE = "JGProgressHUD Framework/Info.plist";
				INSTALL_PATH = "$(LOCAL_LIBRARY_DIR)/Frameworks";
				IPHONEOS_DEPLOYMENT_TARGET = 8.0;
				LD_RUNPATH_SEARCH_PATHS = "$(inherited) @executable_path/Frameworks @loader_path/Frameworks";
				MTL_ENABLE_DEBUG_INFO = NO;
				PRODUCT_BUNDLE_IDENTIFIER = "de.j-gessner.$(PRODUCT_NAME:rfc1034identifier)";
				PRODUCT_NAME = JGProgressHUD;
				SKIP_INSTALL = YES;
				TARGETED_DEVICE_FAMILY = "1,2";
				VERSIONING_SYSTEM = "apple-generic";
				VERSION_INFO_PREFIX = "";
			};
			name = Release;
		};
/* End XCBuildConfiguration section */

/* Begin XCConfigurationList section */
		6B60B24419A3B3C500ED1A4E /* Build configuration list for PBXNativeTarget "JGProgressHUD Resources" */ = {
			isa = XCConfigurationList;
			buildConfigurations = (
				6B60B24519A3B3C500ED1A4E /* Debug */,
				6B60B24619A3B3C500ED1A4E /* Release */,
			);
			defaultConfigurationIsVisible = 0;
			defaultConfigurationName = Release;
		};
		6BC0186E197B2AA500DA4C49 /* Build configuration list for PBXProject "JGProgressHUD" */ = {
			isa = XCConfigurationList;
			buildConfigurations = (
				6BC01894197B2AA600DA4C49 /* Debug */,
				6BC01895197B2AA600DA4C49 /* Release */,
			);
			defaultConfigurationIsVisible = 0;
			defaultConfigurationName = Release;
		};
		6BC01896197B2AA600DA4C49 /* Build configuration list for PBXNativeTarget "JGProgressHUD" */ = {
			isa = XCConfigurationList;
			buildConfigurations = (
				6BC01897197B2AA600DA4C49 /* Debug */,
				6BC01898197B2AA600DA4C49 /* Release */,
			);
			defaultConfigurationIsVisible = 0;
			defaultConfigurationName = Release;
		};
		6BF7DC6D1AEFCFD9000A0AE0 /* Build configuration list for PBXNativeTarget "JGProgressHUD Framework" */ = {
			isa = XCConfigurationList;
			buildConfigurations = (
				6BF7DC6E1AEFCFD9000A0AE0 /* Debug */,
				6BF7DC6F1AEFCFD9000A0AE0 /* Release */,
			);
			defaultConfigurationIsVisible = 0;
			defaultConfigurationName = Release;
		};
/* End XCConfigurationList section */
	};
	rootObject = 6BC0186B197B2AA500DA4C49 /* Project object */;
}
